// !$*UTF8*$!
{
	archiveVersion = 1;
	classes = {
	};
	objectVersion = 45;
	objects = {

/* Begin PBXBuildFile section */
		0193831AEE1A4CE60C818D59 /* boat.png in Resources */ = {isa = PBXBuildFile; fileRef = 0CD73220B8CDC08AA532E41A /* boat.png */; };
		0ACB26CEC0D07A6D4E904A18 /* step1@2x.png in Resources */ = {isa = PBXBuildFile; fileRef = 1234320D86BC8DA1342277D8 /* step1@2x.png */; };
		10DFF81DF049A352ADD803B7 /* StructuredGeocoderViewController.m in Sources */ = {isa = PBXBuildFile; fileRef = 2FBFB4A75B014FC0EBEDB520 /* StructuredGeocoderViewController.m */; };
		11AEDF32AAB99CF8D1E68D48 /* AnimatedCurrentLocationViewController.m in Sources */ = {isa = PBXBuildFile; fileRef = A7A914BD080181CB913D8B75 /* AnimatedCurrentLocationViewController.m */; };
		13028D7CD0E2C3746319DE74 /* step2@2x.png in Resources */ = {isa = PBXBuildFile; fileRef = F72BD4035CFBB07F3FE19979 /* step2@2x.png */; };
		187EDFB8D8F19F9F7BA13DB5 /* bulgaria.png in Resources */ = {isa = PBXBuildFile; fileRef = 428F2F8C1C8FD9578FC87C27 /* bulgaria.png */; };
		18F5FAE6DE377A51B0B62A3C /* MarkerEventsViewController.m in Sources */ = {isa = PBXBuildFile; fileRef = C27BB7EA9F0FDAFD9449E232 /* MarkerEventsViewController.m */; };
		1A5797862D129CCA7AF45233 /* CoreText.framework in Frameworks */ = {isa = PBXBuildFile; fileRef = 61177164531FA20FDBE9F5A7 /* CoreText.framework */; };
		1ADD6A75469A9E8EAD28AFF3 /* BasicMapViewController.m in Sources */ = {isa = PBXBuildFile; fileRef = 8D7E00513389695DCC2C042F /* BasicMapViewController.m */; };
		2018DBD368782826374582D8 /* UIKit.framework in Frameworks */ = {isa = PBXBuildFile; fileRef = AD707D8F6B146DBDC2F10CD2 /* UIKit.framework */; };
		23F484E307D764637C5E8421 /* step5@2x.png in Resources */ = {isa = PBXBuildFile; fileRef = 1E994BF7B943389D6F97B4AC /* step5@2x.png */; };
		26E6247CA357EE47BA7D922F /* boat@2x.png in Resources */ = {isa = PBXBuildFile; fileRef = 80E47E3E352894D047293747 /* boat@2x.png */; };
		28FE5F272F16E4BBD6EA6F6F /* MapZoomViewController.m in Sources */ = {isa = PBXBuildFile; fileRef = 883E6082D743CEFE021C02DF /* MapZoomViewController.m */; };
		2A082EE26F75BA019281EE52 /* aeroplane@2x.png in Resources */ = {isa = PBXBuildFile; fileRef = 1327C76B10EB397A4A7ACA55 /* aeroplane@2x.png */; };
		2B4C8F04F2106B58CB139B99 /* GoogleMaps.bundle in Resources */ = {isa = PBXBuildFile; fileRef = C1C36D9CD130BE508E694050 /* GoogleMaps.bundle */; };
		337433D868EF595CF5CA2BC6 /* step7.png in Resources */ = {isa = PBXBuildFile; fileRef = 7AAF7903A9145CBBF5189D47 /* step7.png */; };
		3579CEB5C0FD3EB6796276F9 /* voyager@2x.png in Resources */ = {isa = PBXBuildFile; fileRef = 035E1D2C5C635049AAD220C4 /* voyager@2x.png */; };
		362CF5A7B3C38D5A12EF4092 /* GestureControlViewController.m in Sources */ = {isa = PBXBuildFile; fileRef = 92FDCF26BE089C0BF5EA5F09 /* GestureControlViewController.m */; };
		37631FF9852F6E580D470ACA /* CoreGraphics.framework in Frameworks */ = {isa = PBXBuildFile; fileRef = 534EFA8B4BAD5659CBEA0953 /* CoreGraphics.framework */; };
		396FFB04F5F56F292C9FB1D6 /* Default-Landscape@2x~ipad.png in Resources */ = {isa = PBXBuildFile; fileRef = 2A690EAF331EBA8C8A5DC42F /* Default-Landscape@2x~ipad.png */; };
		41F6ADA91A330349151270D4 /* step3@2x.png in Resources */ = {isa = PBXBuildFile; fileRef = CC05A97C56E7FAC8787FF0A4 /* step3@2x.png */; };
		47571B37B22531C5B25CC068 /* QuartzCore.framework in Frameworks */ = {isa = PBXBuildFile; fileRef = B0697784C16F07F7D626CDF4 /* QuartzCore.framework */; };
		4C13BCA69F918F3F559D7DF8 /* libc++.dylib in Frameworks */ = {isa = PBXBuildFile; fileRef = AFDC3579844DD1E62FB5EE10 /* libc++.dylib */; };
		4CBAD13AE710F4DF0A2E5013 /* glow-marker.png in Resources */ = {isa = PBXBuildFile; fileRef = 7786DEB54E6136573B2404B2 /* glow-marker.png */; };
		4EBA0EBFF557305CA9EC8F4E /* GradientPolylinesViewController.m in Sources */ = {isa = PBXBuildFile; fileRef = 754799C75F6FD2384C193689 /* GradientPolylinesViewController.m */; };
		506C4E486196DF98185EBF7C /* libobjc.dylib in Frameworks */ = {isa = PBXBuildFile; fileRef = 13B4CBDE163B63923F1220F7 /* libobjc.dylib */; };
		50770220FC8EE0CE6368DD43 /* step7@2x.png in Resources */ = {isa = PBXBuildFile; fileRef = EDA71DB14CEFCB596D831E38 /* step7@2x.png */; };
		50C28BDB26F8930686D79321 /* step5.png in Resources */ = {isa = PBXBuildFile; fileRef = CFF4D39C45F65CB3D7DB26D8 /* step5.png */; };
		510FFD848DCE428069465586 /* FitBoundsViewController.m in Sources */ = {isa = PBXBuildFile; fileRef = D6B060EBD7FC2F104DC34E38 /* FitBoundsViewController.m */; };
		53681516A080855A51EEC2C1 /* MapLayerViewController.m in Sources */ = {isa = PBXBuildFile; fileRef = 0C35639AEA964A79BADE7AFB /* MapLayerViewController.m */; };
		550A0FEE30FCFAAA65B69DA9 /* newark_nj_1922.jpg in Resources */ = {isa = PBXBuildFile; fileRef = 04A6AF49F4EA0962EA5C19AF /* newark_nj_1922.jpg */; };
		56DE2B4F2445C78317486DE0 /* popup_santa@2x.png in Resources */ = {isa = PBXBuildFile; fileRef = 16878EA6E02DB7C180C8A7B4 /* popup_santa@2x.png */; };
		5F5B8EA38518663D2FC1A335 /* voyager.png in Resources */ = {isa = PBXBuildFile; fileRef = 95F66F6930A5976AE53219AE /* voyager.png */; };
		61F6E9FE390645BD41FF7BB5 /* glow-marker@2x.png in Resources */ = {isa = PBXBuildFile; fileRef = 6932ADE6AA2D7A888E91F212 /* glow-marker@2x.png */; };
		64EF2BD8EBD6DCCB988F1929 /* sdkdemos_icon-72@2x.png in Resources */ = {isa = PBXBuildFile; fileRef = A2A3EFF13C682A31BFB731CF /* sdkdemos_icon-72@2x.png */; };
		6BC68C56F581F176818EC3C8 /* step8@2x.png in Resources */ = {isa = PBXBuildFile; fileRef = 32014A8749904BDEF49CD22D /* step8@2x.png */; };
		6E600CA835805DBAFBA25404 /* PolylinesViewController.m in Sources */ = {isa = PBXBuildFile; fileRef = A3560CCA96606B26C63B70F9 /* PolylinesViewController.m */; };
		6EBE0F0A38D6783935ED7923 /* PolygonsViewController.m in Sources */ = {isa = PBXBuildFile; fileRef = 9F74066EF11BEABF337340A1 /* PolygonsViewController.m */; };
		6F267547BA1EE019777BB800 /* CameraViewController.m in Sources */ = {isa = PBXBuildFile; fileRef = 321E4F993E3F5D4007752FC4 /* CameraViewController.m */; };
		70E2D2CBE0BED844BFEAE894 /* step6@2x.png in Resources */ = {isa = PBXBuildFile; fileRef = 31F031E0F4985806FA529910 /* step6@2x.png */; };
		720A1D38454DC78A77594117 /* PanoramaViewController.m in Sources */ = {isa = PBXBuildFile; fileRef = 315D7886FFABDE2912FE5506 /* PanoramaViewController.m */; };
		73F83D61A0946E3F54C8D008 /* step2.png in Resources */ = {isa = PBXBuildFile; fileRef = 735E862498127EF0FF5971BA /* step2.png */; };
		7481075C9B284C5B02316DA7 /* CoreLocation.framework in Frameworks */ = {isa = PBXBuildFile; fileRef = C33AC4E88A2CCDDBD5BC34FA /* CoreLocation.framework */; };
		75F4D7832F8E5870603E61F4 /* spitfire.png in Resources */ = {isa = PBXBuildFile; fileRef = 5C79421BEC3A99E3BB330077 /* spitfire.png */; };
		7854309A425A80C72F07B421 /* main.m in Sources */ = {isa = PBXBuildFile; fileRef = 9B66D15954D8F24187DE21C2 /* main.m */; };
		7B9E4F95E49C6D5BB2508840 /* arrow.png in Resources */ = {isa = PBXBuildFile; fileRef = 4364452B85D1A18F441898B2 /* arrow.png */; };
		7E8F4F36BDC3A4E098B49C95 /* SDKDemoAppDelegate.m in Sources */ = {isa = PBXBuildFile; fileRef = 82F4652759E5C2629459B680 /* SDKDemoAppDelegate.m */; };
		893D97D063B52511F23244E4 /* step3.png in Resources */ = {isa = PBXBuildFile; fileRef = 04F95D41EC8372BF0EB8B4B6 /* step3.png */; };
		8C677DCA6CC90314E330DA20 /* sdkdemos_icon-72.png in Resources */ = {isa = PBXBuildFile; fileRef = F6C594E88C06D7DA87F8877D /* sdkdemos_icon-72.png */; };
		8E25F66FFEC4F07BAF3644BF /* Foundation.framework in Frameworks */ = {isa = PBXBuildFile; fileRef = 1F1B3E128BE2DD9CE32050AA /* Foundation.framework */; };
		8F95822A4560F02F79D6292C /* TileLayerViewController.m in Sources */ = {isa = PBXBuildFile; fileRef = C272230F6DAE976A9E493AA7 /* TileLayerViewController.m */; };
		902765C1B91618CD36681AE7 /* sdkdemos_icon.png in Resources */ = {isa = PBXBuildFile; fileRef = B2A4D274837D69A128B89619 /* sdkdemos_icon.png */; };
		90F2C0D842162DCB05D94D97 /* CustomIndoorViewController.m in Sources */ = {isa = PBXBuildFile; fileRef = 88106B723E5598AB9872A6C5 /* CustomIndoorViewController.m */; };
		923F4CA218690B6C11C55A82 /* arrow@2x.png in Resources */ = {isa = PBXBuildFile; fileRef = 2B29EF35BE4C6DF856F02E7F /* arrow@2x.png */; };
		942AAA6CDB21A90E8FE65094 /* sdkdemos_icon@2x.png in Resources */ = {isa = PBXBuildFile; fileRef = 909FEDA2C4D3C6858FDD4628 /* sdkdemos_icon@2x.png */; };
		95CE95F9B10DFD31E16A06BA /* h1.png in Resources */ = {isa = PBXBuildFile; fileRef = 99CCF7C90BF0F7CBC6BBE661 /* h1.png */; };
		982C3B2A0A3760C2AF19350B /* australia-large@2x.png in Resources */ = {isa = PBXBuildFile; fileRef = 2231160A016B38D25997F73A /* australia-large@2x.png */; };
		9AFA4FE4FC8DBEAB93525641 /* CoreFoundation.framework in Frameworks */ = {isa = PBXBuildFile; fileRef = 4957AAA15BB8D8023E6838A3 /* CoreFoundation.framework */; };
		9C5D0D1C77DE755E0632B7F9 /* australia-large.png in Resources */ = {isa = PBXBuildFile; fileRef = 11E766D59714F0A6B939C94A /* australia-large.png */; };
		9E3293AEDE7E7136FD69CAEE /* IndoorViewController.m in Sources */ = {isa = PBXBuildFile; fileRef = D867E97510A6033214335D76 /* IndoorViewController.m */; };
		9E9FE518087E91159BB3AC33 /* x29.png in Resources */ = {isa = PBXBuildFile; fileRef = 15560B53FF631DD2FE33C901 /* x29.png */; };
		9F993824C4C1D12120A62007 /* step4@2x.png in Resources */ = {isa = PBXBuildFile; fileRef = 8B1DDA1C28700E9F72C1A056 /* step4@2x.png */; };
		A711BE91BEAEA42FCC3E4885 /* Default-Landscape~ipad.png in Resources */ = {isa = PBXBuildFile; fileRef = 1214BF55DE4633F5D1C894BA /* Default-Landscape~ipad.png */; };
		A774C3F9FE8F278352BE09B4 /* x29@2x.png in Resources */ = {isa = PBXBuildFile; fileRef = B9C84D80C8214B3D665F1A56 /* x29@2x.png */; };
		A8ABE97960DC42EB4D768A3B /* MarkersViewController.m in Sources */ = {isa = PBXBuildFile; fileRef = A8E31C3DD169DCB648812261 /* MarkersViewController.m */; };
		AC1DC4F81D5763F7D72B04CD /* SDKDemoMasterViewController.m in Sources */ = {isa = PBXBuildFile; fileRef = D655D719D371DCE059A99B25 /* SDKDemoMasterViewController.m */; };
		AC9225B49DE68347F9DBB915 /* botswana.png in Resources */ = {isa = PBXBuildFile; fileRef = 6AEEF2979A4D2EE569DA9988 /* botswana.png */; };
		AEA26D4C239AA35D9FC892D8 /* popup_santa.png in Resources */ = {isa = PBXBuildFile; fileRef = 9A13BFB8859D3A1B7E90D7AC /* popup_santa.png */; };
		AEFC31AB4BFD2461564B9273 /* argentina.png in Resources */ = {isa = PBXBuildFile; fileRef = 268039E6C200BDE3C4254689 /* argentina.png */; };
		B08180BFD139F740E190B35C /* argentina-large.png in Resources */ = {isa = PBXBuildFile; fileRef = 51DCC03CB53B821DEC282F37 /* argentina-large.png */; };
		B3E74B5EB04F20396B3E527C /* MarkerInfoWindowViewController.m in Sources */ = {isa = PBXBuildFile; fileRef = 1032584C609D452BBCC33E82 /* MarkerInfoWindowViewController.m */; };
		BDCAF7A9EC742CD09145C748 /* DoubleMapViewController.m in Sources */ = {isa = PBXBuildFile; fileRef = 956A6C0D70343F13C7DE04AC /* DoubleMapViewController.m */; };
		C0D3133C9610235A7A91AB8F /* GeocoderViewController.m in Sources */ = {isa = PBXBuildFile; fileRef = 08DC81DE4A540591CE1DC880 /* GeocoderViewController.m */; };
		C1321BED67EE8677DAE99D68 /* CustomMarkersViewController.m in Sources */ = {isa = PBXBuildFile; fileRef = 9196A286FC370B967ACF27EF /* CustomMarkersViewController.m */; };
		C16268542D8FA18182EC8572 /* MapTypesViewController.m in Sources */ = {isa = PBXBuildFile; fileRef = 47EE047D47576E29FE79F5A0 /* MapTypesViewController.m */; };
		C1CB7081F584297764D0E758 /* libz.dylib in Frameworks */ = {isa = PBXBuildFile; fileRef = D4A716548F0AFEE38B6AEA0C /* libz.dylib */; };
		C1EB886FCAD4E026F3310BA5 /* track.json in Resources */ = {isa = PBXBuildFile; fileRef = 7AFEA6FFFF1B8D3822DF941F /* track.json */; };
		C424C933021A5CE92E75AD99 /* Default-Portrait@2x~ipad.png in Resources */ = {isa = PBXBuildFile; fileRef = D17829956DC8FF125EB6102D /* Default-Portrait@2x~ipad.png */; };
		C56C729DCCAE91DBAC8BFC91 /* step4.png in Resources */ = {isa = PBXBuildFile; fileRef = BB6B81254C08106049AC2DC5 /* step4.png */; };
		C61D58CCB0E4674B7C4FE279 /* Default-568h@2x.png in Resources */ = {isa = PBXBuildFile; fileRef = AD4CA15F7E864FC35CB760C3 /* Default-568h@2x.png */; };
		C7542E9E2504F4DCC588A6D2 /* Default-Portrait~ipad.png in Resources */ = {isa = PBXBuildFile; fileRef = 2BE705B6E55F538CB93A5A6E /* Default-Portrait~ipad.png */; };
		C986F174BDF350A7B7B39324 /* CoreData.framework in Frameworks */ = {isa = PBXBuildFile; fileRef = 11696919699E8958C416C659 /* CoreData.framework */; };
		C98E952CD6B996224967C71D /* step6.png in Resources */ = {isa = PBXBuildFile; fileRef = 5A01B9FC425C4D0B0C4DF7BB /* step6.png */; };
		CA42A0A340E1F78484718B98 /* TrafficMapViewController.m in Sources */ = {isa = PBXBuildFile; fileRef = 33A805D06890E050383BE57D /* TrafficMapViewController.m */; };
		CE5FD5DA3206C6212740571B /* OpenGLES.framework in Frameworks */ = {isa = PBXBuildFile; fileRef = BCE6C6C333E70022218656ED /* OpenGLES.framework */; };
		CF95E45BC2A9DC21EA8E32E9 /* GoogleMapsM4B.framework in Frameworks */ = {isa = PBXBuildFile; fileRef = D09E8000037836D85677E53E /* GoogleMapsM4B.framework */; };
		D092BC10BBB50DFD5301DA0E /* Samples.m in Sources */ = {isa = PBXBuildFile; fileRef = BD06D428E237CD2077B2137F /* Samples.m */; };
		D0D6AEF0078C7427A68A5AB0 /* GLKit.framework in Frameworks */ = {isa = PBXBuildFile; fileRef = A2179B301632C7B5EE5B46A1 /* GLKit.framework */; };
		D3C26043098F2405FC382BDB /* IndoorMuseumNavigationViewController.m in Sources */ = {isa = PBXBuildFile; fileRef = 7834731A04C2F4794C41543B /* IndoorMuseumNavigationViewController.m */; };
		D6B64BEBEF8B62F2B5414E46 /* AVFoundation.framework in Frameworks */ = {isa = PBXBuildFile; fileRef = F79F881C13228AD594849743 /* AVFoundation.framework */; };
		D97729A36E567E8CA5DF0BA8 /* libicucore.dylib in Frameworks */ = {isa = PBXBuildFile; fileRef = F54A8294E97A2A9C26DCB354 /* libicucore.dylib */; };
		D9EF3D08B0A30CDF9A2C9774 /* GroundOverlayViewController.m in Sources */ = {isa = PBXBuildFile; fileRef = 730A4B851ABA242E6C1E64E2 /* GroundOverlayViewController.m */; };
		DE9D30F15F6DC717D9A35A92 /* VisibleRegionViewController.m in Sources */ = {isa = PBXBuildFile; fileRef = 5DE45CD3B5AFAF851435C98B /* VisibleRegionViewController.m */; };
		E44DA622E7C7070E8E715270 /* australia.png in Resources */ = {isa = PBXBuildFile; fileRef = E318071F732EED0BE0BC2916 /* australia.png */; };
		E7A96BA238452EE27A514BEB /* ImageIO.framework in Frameworks */ = {isa = PBXBuildFile; fileRef = A3213A16D2578CE7EA1251DB /* ImageIO.framework */; };
		E8038280B343BF602F568FBC /* SystemConfiguration.framework in Frameworks */ = {isa = PBXBuildFile; fileRef = E113D5A846ABD2225C81D4B3 /* SystemConfiguration.framework */; };
		EB86A0931A5D18AF40443ED6 /* Default@2x.png in Resources */ = {isa = PBXBuildFile; fileRef = EDF5B666CE0957F188FFCB4B /* Default@2x.png */; };
		EC2AA224C8F4B770614A5D96 /* museum-exhibits.json in Resources */ = {isa = PBXBuildFile; fileRef = 9F32AACB393095751BC7A37C /* museum-exhibits.json */; };
		EE1D7589A5442886647B6776 /* step8.png in Resources */ = {isa = PBXBuildFile; fileRef = 5E6FD2A1CFA7A1DB181B7F68 /* step8.png */; };
		F086691BB7743BA1291B9C82 /* h1@2x.png in Resources */ = {isa = PBXBuildFile; fileRef = 653D0E39C4E1A77DC162C172 /* h1@2x.png */; };
		F1C865E82EB25311C7668C99 /* FixedPanoramaViewController.m in Sources */ = {isa = PBXBuildFile; fileRef = ED5725E5836CF7D8E6365E5A /* FixedPanoramaViewController.m */; };
		F2CB96AF05381A5F065E35E7 /* botswana-large.png in Resources */ = {isa = PBXBuildFile; fileRef = 7B92FE7085DC559902492809 /* botswana-large.png */; };
		F6AD35D92D647C80A07824B6 /* MarkerLayerViewController.m in Sources */ = {isa = PBXBuildFile; fileRef = 26680B6E5D503F5CBE5B528F /* MarkerLayerViewController.m */; };
		FA4E31DDC478CAE0AE70B79D /* step1.png in Resources */ = {isa = PBXBuildFile; fileRef = 816EDF3B6305F65FA26F5D64 /* step1.png */; };
		FBB9EED4DA10788B42C57849 /* MyLocationViewController.m in Sources */ = {isa = PBXBuildFile; fileRef = A7798C84BB26A8C1CC7863CB /* MyLocationViewController.m */; };
		FE67C6A9513043BC1E7B5C03 /* aeroplane.png in Resources */ = {isa = PBXBuildFile; fileRef = 6E848E6EA2DDE3B73F5282A4 /* aeroplane.png */; };
		FE83BF82E6D9F3D3363BCAA2 /* Default.png in Resources */ = {isa = PBXBuildFile; fileRef = 1D26EAE39D7F69D600252F68 /* Default.png */; };
		FEED8F89E911FE256AEE4C91 /* bulgaria-large.png in Resources */ = {isa = PBXBuildFile; fileRef = C94E1AF767AB744344CCDFD0 /* bulgaria-large.png */; };
		FF1538B27FF995976F1AC752 /* spitfire@2x.png in Resources */ = {isa = PBXBuildFile; fileRef = 23967BB3D1A983C9FF67DFD0 /* spitfire@2x.png */; };
/* End PBXBuildFile section */

/* Begin PBXFileReference section */
		005F591985D2E8FE03E5698A /* PolygonsViewController.h */ = {isa = PBXFileReference; lastKnownFileType = sourcecode.c.h; path = PolygonsViewController.h; sourceTree = "<group>"; };
		035E1D2C5C635049AAD220C4 /* voyager@2x.png */ = {isa = PBXFileReference; lastKnownFileType = image.png; path = "voyager@2x.png"; sourceTree = "<group>"; };
		04A6AF49F4EA0962EA5C19AF /* newark_nj_1922.jpg */ = {isa = PBXFileReference; lastKnownFileType = text; path = newark_nj_1922.jpg; sourceTree = "<group>"; };
		04F95D41EC8372BF0EB8B4B6 /* step3.png */ = {isa = PBXFileReference; lastKnownFileType = image.png; path = step3.png; sourceTree = "<group>"; };
		08DC81DE4A540591CE1DC880 /* GeocoderViewController.m */ = {isa = PBXFileReference; lastKnownFileType = sourcecode.c.objc; path = GeocoderViewController.m; sourceTree = "<group>"; };
		0C35639AEA964A79BADE7AFB /* MapLayerViewController.m */ = {isa = PBXFileReference; lastKnownFileType = sourcecode.c.objc; path = MapLayerViewController.m; sourceTree = "<group>"; };
		0CD73220B8CDC08AA532E41A /* boat.png */ = {isa = PBXFileReference; lastKnownFileType = image.png; path = boat.png; sourceTree = "<group>"; };
		0D261B9B8CA294B2358865FF /* BasicMapViewController.h */ = {isa = PBXFileReference; lastKnownFileType = sourcecode.c.h; path = BasicMapViewController.h; sourceTree = "<group>"; };
		0FE436AC36972EA6811C0BE9 /* IndoorViewController.h */ = {isa = PBXFileReference; lastKnownFileType = sourcecode.c.h; path = IndoorViewController.h; sourceTree = "<group>"; };
		1032584C609D452BBCC33E82 /* MarkerInfoWindowViewController.m */ = {isa = PBXFileReference; lastKnownFileType = sourcecode.c.objc; path = MarkerInfoWindowViewController.m; sourceTree = "<group>"; };
		11696919699E8958C416C659 /* CoreData.framework */ = {isa = PBXFileReference; lastKnownFileType = wrapper.framework; name = CoreData.framework; path = System/Library/Frameworks/CoreData.framework; sourceTree = SDKROOT; };
		11E766D59714F0A6B939C94A /* australia-large.png */ = {isa = PBXFileReference; lastKnownFileType = image.png; path = "australia-large.png"; sourceTree = "<group>"; };
		1214BF55DE4633F5D1C894BA /* Default-Landscape~ipad.png */ = {isa = PBXFileReference; lastKnownFileType = image.png; path = "Default-Landscape~ipad.png"; sourceTree = "<group>"; };
		1234320D86BC8DA1342277D8 /* step1@2x.png */ = {isa = PBXFileReference; lastKnownFileType = image.png; path = "step1@2x.png"; sourceTree = "<group>"; };
		1327C76B10EB397A4A7ACA55 /* aeroplane@2x.png */ = {isa = PBXFileReference; lastKnownFileType = image.png; path = "aeroplane@2x.png"; sourceTree = "<group>"; };
		13B4CBDE163B63923F1220F7 /* libobjc.dylib */ = {isa = PBXFileReference; lastKnownFileType = "compiled.mach-o.dylib"; name = libobjc.dylib; path = usr/lib/libobjc.dylib; sourceTree = SDKROOT; };
		15560B53FF631DD2FE33C901 /* x29.png */ = {isa = PBXFileReference; lastKnownFileType = image.png; path = x29.png; sourceTree = "<group>"; };
		16878EA6E02DB7C180C8A7B4 /* popup_santa@2x.png */ = {isa = PBXFileReference; lastKnownFileType = image.png; path = "popup_santa@2x.png"; sourceTree = "<group>"; };
		1C4B0FEBEFCDDC63F6A369A9 /* MarkerEventsViewController.h */ = {isa = PBXFileReference; lastKnownFileType = sourcecode.c.h; path = MarkerEventsViewController.h; sourceTree = "<group>"; };
		1D26EAE39D7F69D600252F68 /* Default.png */ = {isa = PBXFileReference; lastKnownFileType = image.png; path = Default.png; sourceTree = "<group>"; };
		1E994BF7B943389D6F97B4AC /* step5@2x.png */ = {isa = PBXFileReference; lastKnownFileType = image.png; path = "step5@2x.png"; sourceTree = "<group>"; };
		1F1B3E128BE2DD9CE32050AA /* Foundation.framework */ = {isa = PBXFileReference; lastKnownFileType = wrapper.framework; name = Foundation.framework; path = System/Library/Frameworks/Foundation.framework; sourceTree = SDKROOT; };
		2231160A016B38D25997F73A /* australia-large@2x.png */ = {isa = PBXFileReference; lastKnownFileType = image.png; path = "australia-large@2x.png"; sourceTree = "<group>"; };
		23967BB3D1A983C9FF67DFD0 /* spitfire@2x.png */ = {isa = PBXFileReference; lastKnownFileType = image.png; path = "spitfire@2x.png"; sourceTree = "<group>"; };
		25020F1C66BD8033E0AAB042 /* PanoramaViewController.h */ = {isa = PBXFileReference; lastKnownFileType = sourcecode.c.h; path = PanoramaViewController.h; sourceTree = "<group>"; };
		2644B3E35EE657B3A72C7E23 /* Samples.h */ = {isa = PBXFileReference; lastKnownFileType = sourcecode.c.h; path = Samples.h; sourceTree = "<group>"; };
		26680B6E5D503F5CBE5B528F /* MarkerLayerViewController.m */ = {isa = PBXFileReference; lastKnownFileType = sourcecode.c.objc; path = MarkerLayerViewController.m; sourceTree = "<group>"; };
		268039E6C200BDE3C4254689 /* argentina.png */ = {isa = PBXFileReference; lastKnownFileType = image.png; path = argentina.png; sourceTree = "<group>"; };
		2A690EAF331EBA8C8A5DC42F /* Default-Landscape@2x~ipad.png */ = {isa = PBXFileReference; lastKnownFileType = image.png; path = "Default-Landscape@2x~ipad.png"; sourceTree = "<group>"; };
		2B29EF35BE4C6DF856F02E7F /* arrow@2x.png */ = {isa = PBXFileReference; lastKnownFileType = image.png; path = "arrow@2x.png"; sourceTree = "<group>"; };
		2B936B3BFCE25246321B3777 /* SDKDemoAppDelegate.h */ = {isa = PBXFileReference; lastKnownFileType = sourcecode.c.h; path = SDKDemoAppDelegate.h; sourceTree = "<group>"; };
		2BE705B6E55F538CB93A5A6E /* Default-Portrait~ipad.png */ = {isa = PBXFileReference; lastKnownFileType = image.png; path = "Default-Portrait~ipad.png"; sourceTree = "<group>"; };
		2FBFB4A75B014FC0EBEDB520 /* StructuredGeocoderViewController.m */ = {isa = PBXFileReference; lastKnownFileType = sourcecode.c.objc; path = StructuredGeocoderViewController.m; sourceTree = "<group>"; };
		315D7886FFABDE2912FE5506 /* PanoramaViewController.m */ = {isa = PBXFileReference; lastKnownFileType = sourcecode.c.objc; path = PanoramaViewController.m; sourceTree = "<group>"; };
		31F031E0F4985806FA529910 /* step6@2x.png */ = {isa = PBXFileReference; lastKnownFileType = image.png; path = "step6@2x.png"; sourceTree = "<group>"; };
		32014A8749904BDEF49CD22D /* step8@2x.png */ = {isa = PBXFileReference; lastKnownFileType = image.png; path = "step8@2x.png"; sourceTree = "<group>"; };
		321E4F993E3F5D4007752FC4 /* CameraViewController.m */ = {isa = PBXFileReference; lastKnownFileType = sourcecode.c.objc; path = CameraViewController.m; sourceTree = "<group>"; };
		33A805D06890E050383BE57D /* TrafficMapViewController.m */ = {isa = PBXFileReference; lastKnownFileType = sourcecode.c.objc; path = TrafficMapViewController.m; sourceTree = "<group>"; };
		383C56CC68F804E1830EFA3B /* MarkersViewController.h */ = {isa = PBXFileReference; lastKnownFileType = sourcecode.c.h; path = MarkersViewController.h; sourceTree = "<group>"; };
		428F2F8C1C8FD9578FC87C27 /* bulgaria.png */ = {isa = PBXFileReference; lastKnownFileType = image.png; path = bulgaria.png; sourceTree = "<group>"; };
		4364452B85D1A18F441898B2 /* arrow.png */ = {isa = PBXFileReference; lastKnownFileType = image.png; path = arrow.png; sourceTree = "<group>"; };
		43C93B2EDE26C6DBBABCD35C /* TileLayerViewController.h */ = {isa = PBXFileReference; lastKnownFileType = sourcecode.c.h; path = TileLayerViewController.h; sourceTree = "<group>"; };
		47EE047D47576E29FE79F5A0 /* MapTypesViewController.m */ = {isa = PBXFileReference; lastKnownFileType = sourcecode.c.objc; path = MapTypesViewController.m; sourceTree = "<group>"; };
		4957AAA15BB8D8023E6838A3 /* CoreFoundation.framework */ = {isa = PBXFileReference; lastKnownFileType = wrapper.framework; name = CoreFoundation.framework; path = System/Library/Frameworks/CoreFoundation.framework; sourceTree = SDKROOT; };
		4F2C2FF4505E325AB7C40990 /* DoubleMapViewController.h */ = {isa = PBXFileReference; lastKnownFileType = sourcecode.c.h; path = DoubleMapViewController.h; sourceTree = "<group>"; };
		51DCC03CB53B821DEC282F37 /* argentina-large.png */ = {isa = PBXFileReference; lastKnownFileType = image.png; path = "argentina-large.png"; sourceTree = "<group>"; };
		534EFA8B4BAD5659CBEA0953 /* CoreGraphics.framework */ = {isa = PBXFileReference; lastKnownFileType = wrapper.framework; name = CoreGraphics.framework; path = System/Library/Frameworks/CoreGraphics.framework; sourceTree = SDKROOT; };
		59BE9E8CE488A125D32DAF5F /* SDKDemoMasterViewController.h */ = {isa = PBXFileReference; lastKnownFileType = sourcecode.c.h; path = SDKDemoMasterViewController.h; sourceTree = "<group>"; };
		5A01B9FC425C4D0B0C4DF7BB /* step6.png */ = {isa = PBXFileReference; lastKnownFileType = image.png; path = step6.png; sourceTree = "<group>"; };
		5C79421BEC3A99E3BB330077 /* spitfire.png */ = {isa = PBXFileReference; lastKnownFileType = image.png; path = spitfire.png; sourceTree = "<group>"; };
		5DE45CD3B5AFAF851435C98B /* VisibleRegionViewController.m */ = {isa = PBXFileReference; lastKnownFileType = sourcecode.c.objc; path = VisibleRegionViewController.m; sourceTree = "<group>"; };
		5E6FD2A1CFA7A1DB181B7F68 /* step8.png */ = {isa = PBXFileReference; lastKnownFileType = image.png; path = step8.png; sourceTree = "<group>"; };
		61177164531FA20FDBE9F5A7 /* CoreText.framework */ = {isa = PBXFileReference; lastKnownFileType = wrapper.framework; name = CoreText.framework; path = System/Library/Frameworks/CoreText.framework; sourceTree = SDKROOT; };
		653D0E39C4E1A77DC162C172 /* h1@2x.png */ = {isa = PBXFileReference; lastKnownFileType = image.png; path = "h1@2x.png"; sourceTree = "<group>"; };
		6822963243FF4E4319F4E1B5 /* MyLocationViewController.h */ = {isa = PBXFileReference; lastKnownFileType = sourcecode.c.h; path = MyLocationViewController.h; sourceTree = "<group>"; };
		6932ADE6AA2D7A888E91F212 /* glow-marker@2x.png */ = {isa = PBXFileReference; lastKnownFileType = image.png; path = "glow-marker@2x.png"; sourceTree = "<group>"; };
		6AEEF2979A4D2EE569DA9988 /* botswana.png */ = {isa = PBXFileReference; lastKnownFileType = image.png; path = botswana.png; sourceTree = "<group>"; };
		6B9A830D81E40E30A32E6E01 /* AnimatedCurrentLocationViewController.h */ = {isa = PBXFileReference; lastKnownFileType = sourcecode.c.h; path = AnimatedCurrentLocationViewController.h; sourceTree = "<group>"; };
		6E848E6EA2DDE3B73F5282A4 /* aeroplane.png */ = {isa = PBXFileReference; lastKnownFileType = image.png; path = aeroplane.png; sourceTree = "<group>"; };
		705DD3998CF44C398CD6D4F1 /* FitBoundsViewController.h */ = {isa = PBXFileReference; lastKnownFileType = sourcecode.c.h; path = FitBoundsViewController.h; sourceTree = "<group>"; };
		730A4B851ABA242E6C1E64E2 /* GroundOverlayViewController.m */ = {isa = PBXFileReference; lastKnownFileType = sourcecode.c.objc; path = GroundOverlayViewController.m; sourceTree = "<group>"; };
		735E862498127EF0FF5971BA /* step2.png */ = {isa = PBXFileReference; lastKnownFileType = image.png; path = step2.png; sourceTree = "<group>"; };
		754799C75F6FD2384C193689 /* GradientPolylinesViewController.m */ = {isa = PBXFileReference; lastKnownFileType = sourcecode.c.objc; path = GradientPolylinesViewController.m; sourceTree = "<group>"; };
		7786DEB54E6136573B2404B2 /* glow-marker.png */ = {isa = PBXFileReference; lastKnownFileType = image.png; path = "glow-marker.png"; sourceTree = "<group>"; };
		77C31ADC6BACF7A6019875B7 /* GradientPolylinesViewController.h */ = {isa = PBXFileReference; lastKnownFileType = sourcecode.c.h; path = GradientPolylinesViewController.h; sourceTree = "<group>"; };
		7834731A04C2F4794C41543B /* IndoorMuseumNavigationViewController.m */ = {isa = PBXFileReference; lastKnownFileType = sourcecode.c.objc; path = IndoorMuseumNavigationViewController.m; sourceTree = "<group>"; };
		7942A8BB8EE787894E8FBFB8 /* GroundOverlayViewController.h */ = {isa = PBXFileReference; lastKnownFileType = sourcecode.c.h; path = GroundOverlayViewController.h; sourceTree = "<group>"; };
		7AAF7903A9145CBBF5189D47 /* step7.png */ = {isa = PBXFileReference; lastKnownFileType = image.png; path = step7.png; sourceTree = "<group>"; };
		7AFEA6FFFF1B8D3822DF941F /* track.json */ = {isa = PBXFileReference; lastKnownFileType = text; path = track.json; sourceTree = "<group>"; };
		7B92FE7085DC559902492809 /* botswana-large.png */ = {isa = PBXFileReference; lastKnownFileType = image.png; path = "botswana-large.png"; sourceTree = "<group>"; };
		80E47E3E352894D047293747 /* boat@2x.png */ = {isa = PBXFileReference; lastKnownFileType = image.png; path = "boat@2x.png"; sourceTree = "<group>"; };
		816EDF3B6305F65FA26F5D64 /* step1.png */ = {isa = PBXFileReference; lastKnownFileType = image.png; path = step1.png; sourceTree = "<group>"; };
		82F4652759E5C2629459B680 /* SDKDemoAppDelegate.m */ = {isa = PBXFileReference; lastKnownFileType = sourcecode.c.objc; path = SDKDemoAppDelegate.m; sourceTree = "<group>"; };
		87D46C0A7D31793057BDECCD /* MarkerInfoWindowViewController.h */ = {isa = PBXFileReference; lastKnownFileType = sourcecode.c.h; path = MarkerInfoWindowViewController.h; sourceTree = "<group>"; };
		88106B723E5598AB9872A6C5 /* CustomIndoorViewController.m */ = {isa = PBXFileReference; lastKnownFileType = sourcecode.c.objc; path = CustomIndoorViewController.m; sourceTree = "<group>"; };
		883E6082D743CEFE021C02DF /* MapZoomViewController.m */ = {isa = PBXFileReference; lastKnownFileType = sourcecode.c.objc; path = MapZoomViewController.m; sourceTree = "<group>"; };
		8B1DDA1C28700E9F72C1A056 /* step4@2x.png */ = {isa = PBXFileReference; lastKnownFileType = image.png; path = "step4@2x.png"; sourceTree = "<group>"; };
		8D7E00513389695DCC2C042F /* BasicMapViewController.m */ = {isa = PBXFileReference; lastKnownFileType = sourcecode.c.objc; path = BasicMapViewController.m; sourceTree = "<group>"; };
		8F1922270AC162133A10C7A3 /* MapZoomViewController.h */ = {isa = PBXFileReference; lastKnownFileType = sourcecode.c.h; path = MapZoomViewController.h; sourceTree = "<group>"; };
		909FEDA2C4D3C6858FDD4628 /* sdkdemos_icon@2x.png */ = {isa = PBXFileReference; lastKnownFileType = image.png; path = "sdkdemos_icon@2x.png"; sourceTree = "<group>"; };
		9196A286FC370B967ACF27EF /* CustomMarkersViewController.m */ = {isa = PBXFileReference; lastKnownFileType = sourcecode.c.objc; path = CustomMarkersViewController.m; sourceTree = "<group>"; };
		92FDCF26BE089C0BF5EA5F09 /* GestureControlViewController.m */ = {isa = PBXFileReference; lastKnownFileType = sourcecode.c.objc; path = GestureControlViewController.m; sourceTree = "<group>"; };
		956A6C0D70343F13C7DE04AC /* DoubleMapViewController.m */ = {isa = PBXFileReference; lastKnownFileType = sourcecode.c.objc; path = DoubleMapViewController.m; sourceTree = "<group>"; };
		95F66F6930A5976AE53219AE /* voyager.png */ = {isa = PBXFileReference; lastKnownFileType = image.png; path = voyager.png; sourceTree = "<group>"; };
		99CCF7C90BF0F7CBC6BBE661 /* h1.png */ = {isa = PBXFileReference; lastKnownFileType = image.png; path = h1.png; sourceTree = "<group>"; };
		9A13BFB8859D3A1B7E90D7AC /* popup_santa.png */ = {isa = PBXFileReference; lastKnownFileType = image.png; path = popup_santa.png; sourceTree = "<group>"; };
		9B66D15954D8F24187DE21C2 /* main.m */ = {isa = PBXFileReference; lastKnownFileType = sourcecode.c.objc; path = main.m; sourceTree = "<group>"; };
		9F32AACB393095751BC7A37C /* museum-exhibits.json */ = {isa = PBXFileReference; lastKnownFileType = text; path = "museum-exhibits.json"; sourceTree = "<group>"; };
		9F74066EF11BEABF337340A1 /* PolygonsViewController.m */ = {isa = PBXFileReference; lastKnownFileType = sourcecode.c.objc; path = PolygonsViewController.m; sourceTree = "<group>"; };
		A2179B301632C7B5EE5B46A1 /* GLKit.framework */ = {isa = PBXFileReference; lastKnownFileType = wrapper.framework; name = GLKit.framework; path = System/Library/Frameworks/GLKit.framework; sourceTree = SDKROOT; };
		A2A3EFF13C682A31BFB731CF /* sdkdemos_icon-72@2x.png */ = {isa = PBXFileReference; lastKnownFileType = image.png; path = "sdkdemos_icon-72@2x.png"; sourceTree = "<group>"; };
		A3213A16D2578CE7EA1251DB /* ImageIO.framework */ = {isa = PBXFileReference; lastKnownFileType = wrapper.framework; name = ImageIO.framework; path = System/Library/Frameworks/ImageIO.framework; sourceTree = SDKROOT; };
		A3560CCA96606B26C63B70F9 /* PolylinesViewController.m */ = {isa = PBXFileReference; lastKnownFileType = sourcecode.c.objc; path = PolylinesViewController.m; sourceTree = "<group>"; };
		A3DD8AB00C8D2294F2D21B12 /* VisibleRegionViewController.h */ = {isa = PBXFileReference; lastKnownFileType = sourcecode.c.h; path = VisibleRegionViewController.h; sourceTree = "<group>"; };
		A65024D010F7CF58253B641F /* PolylinesViewController.h */ = {isa = PBXFileReference; lastKnownFileType = sourcecode.c.h; path = PolylinesViewController.h; sourceTree = "<group>"; };
		A6FAA83E888080CFFA8DC852 /* CustomMarkersViewController.h */ = {isa = PBXFileReference; lastKnownFileType = sourcecode.c.h; path = CustomMarkersViewController.h; sourceTree = "<group>"; };
		A7798C84BB26A8C1CC7863CB /* MyLocationViewController.m */ = {isa = PBXFileReference; lastKnownFileType = sourcecode.c.objc; path = MyLocationViewController.m; sourceTree = "<group>"; };
		A7A914BD080181CB913D8B75 /* AnimatedCurrentLocationViewController.m */ = {isa = PBXFileReference; lastKnownFileType = sourcecode.c.objc; path = AnimatedCurrentLocationViewController.m; sourceTree = "<group>"; };
		A8E31C3DD169DCB648812261 /* MarkersViewController.m */ = {isa = PBXFileReference; lastKnownFileType = sourcecode.c.objc; path = MarkersViewController.m; sourceTree = "<group>"; };
		ABE4A688C8943555A96DD917 /* SDKDemos.app */ = {isa = PBXFileReference; explicitFileType = wrapper.application; includeInIndex = 0; path = SDKDemos.app; sourceTree = BUILT_PRODUCTS_DIR; };
		AC5727F1403B5838250CE036 /* GeocoderViewController.h */ = {isa = PBXFileReference; lastKnownFileType = sourcecode.c.h; path = GeocoderViewController.h; sourceTree = "<group>"; };
		AD4CA15F7E864FC35CB760C3 /* Default-568h@2x.png */ = {isa = PBXFileReference; lastKnownFileType = image.png; path = "Default-568h@2x.png"; sourceTree = "<group>"; };
		AD707D8F6B146DBDC2F10CD2 /* UIKit.framework */ = {isa = PBXFileReference; lastKnownFileType = wrapper.framework; name = UIKit.framework; path = System/Library/Frameworks/UIKit.framework; sourceTree = SDKROOT; };
		AFDC3579844DD1E62FB5EE10 /* libc++.dylib */ = {isa = PBXFileReference; lastKnownFileType = "compiled.mach-o.dylib"; name = "libc++.dylib"; path = "usr/lib/libc++.dylib"; sourceTree = SDKROOT; };
		B0697784C16F07F7D626CDF4 /* QuartzCore.framework */ = {isa = PBXFileReference; lastKnownFileType = wrapper.framework; name = QuartzCore.framework; path = System/Library/Frameworks/QuartzCore.framework; sourceTree = SDKROOT; };
		B196B87E39AF598EB9F959A6 /* SDKDemoAPIKey.h */ = {isa = PBXFileReference; lastKnownFileType = sourcecode.c.h; path = SDKDemoAPIKey.h; sourceTree = "<group>"; };
		B2A4D274837D69A128B89619 /* sdkdemos_icon.png */ = {isa = PBXFileReference; lastKnownFileType = image.png; path = sdkdemos_icon.png; sourceTree = "<group>"; };
		B8F4AA40CBDD4AED01B42CFC /* SDKDemosM4B.gyp */ = {isa = PBXFileReference; explicitFileType = sourcecode; path = SDKDemosM4B.gyp; sourceTree = "<group>"; };
		B955AC42878DC2EBECB6F400 /* CustomIndoorViewController.h */ = {isa = PBXFileReference; lastKnownFileType = sourcecode.c.h; path = CustomIndoorViewController.h; sourceTree = "<group>"; };
		B9C84D80C8214B3D665F1A56 /* x29@2x.png */ = {isa = PBXFileReference; lastKnownFileType = image.png; path = "x29@2x.png"; sourceTree = "<group>"; };
		BB6B81254C08106049AC2DC5 /* step4.png */ = {isa = PBXFileReference; lastKnownFileType = image.png; path = step4.png; sourceTree = "<group>"; };
		BCE6C6C333E70022218656ED /* OpenGLES.framework */ = {isa = PBXFileReference; lastKnownFileType = wrapper.framework; name = OpenGLES.framework; path = System/Library/Frameworks/OpenGLES.framework; sourceTree = SDKROOT; };
		BD06D428E237CD2077B2137F /* Samples.m */ = {isa = PBXFileReference; lastKnownFileType = sourcecode.c.objc; path = Samples.m; sourceTree = "<group>"; };
		C1C36D9CD130BE508E694050 /* GoogleMaps.bundle */ = {isa = PBXFileReference; lastKnownFileType = wrapper.cfbundle; path = GoogleMaps.bundle; sourceTree = "<group>"; };
		C272230F6DAE976A9E493AA7 /* TileLayerViewController.m */ = {isa = PBXFileReference; lastKnownFileType = sourcecode.c.objc; path = TileLayerViewController.m; sourceTree = "<group>"; };
		C27BB7EA9F0FDAFD9449E232 /* MarkerEventsViewController.m */ = {isa = PBXFileReference; lastKnownFileType = sourcecode.c.objc; path = MarkerEventsViewController.m; sourceTree = "<group>"; };
		C33AC4E88A2CCDDBD5BC34FA /* CoreLocation.framework */ = {isa = PBXFileReference; lastKnownFileType = wrapper.framework; name = CoreLocation.framework; path = System/Library/Frameworks/CoreLocation.framework; sourceTree = SDKROOT; };
		C94E1AF767AB744344CCDFD0 /* bulgaria-large.png */ = {isa = PBXFileReference; lastKnownFileType = image.png; path = "bulgaria-large.png"; sourceTree = "<group>"; };
		CC05A97C56E7FAC8787FF0A4 /* step3@2x.png */ = {isa = PBXFileReference; lastKnownFileType = image.png; path = "step3@2x.png"; sourceTree = "<group>"; };
		CCFE46BEE9B55DF37EF3AADB /* CameraViewController.h */ = {isa = PBXFileReference; lastKnownFileType = sourcecode.c.h; path = CameraViewController.h; sourceTree = "<group>"; };
		CFF4D39C45F65CB3D7DB26D8 /* step5.png */ = {isa = PBXFileReference; lastKnownFileType = image.png; path = step5.png; sourceTree = "<group>"; };
		D09E8000037836D85677E53E /* GoogleMapsM4B.framework */ = {isa = PBXFileReference; lastKnownFileType = wrapper.framework; path = GoogleMapsM4B.framework; sourceTree = "<group>"; };
		D17829956DC8FF125EB6102D /* Default-Portrait@2x~ipad.png */ = {isa = PBXFileReference; lastKnownFileType = image.png; path = "Default-Portrait@2x~ipad.png"; sourceTree = "<group>"; };
		D3D02CB6485689E4A7A2C823 /* GestureControlViewController.h */ = {isa = PBXFileReference; lastKnownFileType = sourcecode.c.h; path = GestureControlViewController.h; sourceTree = "<group>"; };
		D4A716548F0AFEE38B6AEA0C /* libz.dylib */ = {isa = PBXFileReference; lastKnownFileType = "compiled.mach-o.dylib"; name = libz.dylib; path = usr/lib/libz.dylib; sourceTree = SDKROOT; };
		D655D719D371DCE059A99B25 /* SDKDemoMasterViewController.m */ = {isa = PBXFileReference; lastKnownFileType = sourcecode.c.objc; path = SDKDemoMasterViewController.m; sourceTree = "<group>"; };
		D686C03FE2BA0D6F44227AD1 /* StructuredGeocoderViewController.h */ = {isa = PBXFileReference; lastKnownFileType = sourcecode.c.h; path = StructuredGeocoderViewController.h; sourceTree = "<group>"; };
		D6B060EBD7FC2F104DC34E38 /* FitBoundsViewController.m */ = {isa = PBXFileReference; lastKnownFileType = sourcecode.c.objc; path = FitBoundsViewController.m; sourceTree = "<group>"; };
		D867E97510A6033214335D76 /* IndoorViewController.m */ = {isa = PBXFileReference; lastKnownFileType = sourcecode.c.objc; path = IndoorViewController.m; sourceTree = "<group>"; };
		DFC8A9C70B736D482984454B /* MapLayerViewController.h */ = {isa = PBXFileReference; lastKnownFileType = sourcecode.c.h; path = MapLayerViewController.h; sourceTree = "<group>"; };
		E113D5A846ABD2225C81D4B3 /* SystemConfiguration.framework */ = {isa = PBXFileReference; lastKnownFileType = wrapper.framework; name = SystemConfiguration.framework; path = System/Library/Frameworks/SystemConfiguration.framework; sourceTree = SDKROOT; };
		E1AE8193FE05DF996AA3C2C1 /* MarkerLayerViewController.h */ = {isa = PBXFileReference; lastKnownFileType = sourcecode.c.h; path = MarkerLayerViewController.h; sourceTree = "<group>"; };
		E318071F732EED0BE0BC2916 /* australia.png */ = {isa = PBXFileReference; lastKnownFileType = image.png; path = australia.png; sourceTree = "<group>"; };
		E3405A9F55A7C50D7ACC0238 /* FixedPanoramaViewController.h */ = {isa = PBXFileReference; lastKnownFileType = sourcecode.c.h; path = FixedPanoramaViewController.h; sourceTree = "<group>"; };
		E6C953AF477C90462E399380 /* TrafficMapViewController.h */ = {isa = PBXFileReference; lastKnownFileType = sourcecode.c.h; path = TrafficMapViewController.h; sourceTree = "<group>"; };
		ED5725E5836CF7D8E6365E5A /* FixedPanoramaViewController.m */ = {isa = PBXFileReference; lastKnownFileType = sourcecode.c.objc; path = FixedPanoramaViewController.m; sourceTree = "<group>"; };
		EDA71DB14CEFCB596D831E38 /* step7@2x.png */ = {isa = PBXFileReference; lastKnownFileType = image.png; path = "step7@2x.png"; sourceTree = "<group>"; };
		EDF5B666CE0957F188FFCB4B /* Default@2x.png */ = {isa = PBXFileReference; lastKnownFileType = image.png; path = "Default@2x.png"; sourceTree = "<group>"; };
		F54A8294E97A2A9C26DCB354 /* libicucore.dylib */ = {isa = PBXFileReference; lastKnownFileType = "compiled.mach-o.dylib"; name = libicucore.dylib; path = usr/lib/libicucore.dylib; sourceTree = SDKROOT; };
		F6221878020B1001E203FBF3 /* IndoorMuseumNavigationViewController.h */ = {isa = PBXFileReference; lastKnownFileType = sourcecode.c.h; path = IndoorMuseumNavigationViewController.h; sourceTree = "<group>"; };
		F6C594E88C06D7DA87F8877D /* sdkdemos_icon-72.png */ = {isa = PBXFileReference; lastKnownFileType = image.png; path = "sdkdemos_icon-72.png"; sourceTree = "<group>"; };
		F72BD4035CFBB07F3FE19979 /* step2@2x.png */ = {isa = PBXFileReference; lastKnownFileType = image.png; path = "step2@2x.png"; sourceTree = "<group>"; };
		F79F881C13228AD594849743 /* AVFoundation.framework */ = {isa = PBXFileReference; lastKnownFileType = wrapper.framework; name = AVFoundation.framework; path = System/Library/Frameworks/AVFoundation.framework; sourceTree = SDKROOT; };
		F9E6DFD603AB3F1EFD2ABE86 /* MapTypesViewController.h */ = {isa = PBXFileReference; lastKnownFileType = sourcecode.c.h; path = MapTypesViewController.h; sourceTree = "<group>"; };
/* End PBXFileReference section */

/* Begin PBXFrameworksBuildPhase section */
		D3AC4FFB13EC8D0FA039290A /* Frameworks */ = {
			isa = PBXFrameworksBuildPhase;
			buildActionMask = 2147483647;
			files = (
				CF95E45BC2A9DC21EA8E32E9 /* GoogleMapsM4B.framework in Frameworks */,
				506C4E486196DF98185EBF7C /* libobjc.dylib in Frameworks */,
				9AFA4FE4FC8DBEAB93525641 /* CoreFoundation.framework in Frameworks */,
				8E25F66FFEC4F07BAF3644BF /* Foundation.framework in Frameworks */,
				37631FF9852F6E580D470ACA /* CoreGraphics.framework in Frameworks */,
				2018DBD368782826374582D8 /* UIKit.framework in Frameworks */,
				D6B64BEBEF8B62F2B5414E46 /* AVFoundation.framework in Frameworks */,
				C986F174BDF350A7B7B39324 /* CoreData.framework in Frameworks */,
				7481075C9B284C5B02316DA7 /* CoreLocation.framework in Frameworks */,
				1A5797862D129CCA7AF45233 /* CoreText.framework in Frameworks */,
				D0D6AEF0078C7427A68A5AB0 /* GLKit.framework in Frameworks */,
				E7A96BA238452EE27A514BEB /* ImageIO.framework in Frameworks */,
				4C13BCA69F918F3F559D7DF8 /* libc++.dylib in Frameworks */,
				D97729A36E567E8CA5DF0BA8 /* libicucore.dylib in Frameworks */,
				C1CB7081F584297764D0E758 /* libz.dylib in Frameworks */,
				CE5FD5DA3206C6212740571B /* OpenGLES.framework in Frameworks */,
				47571B37B22531C5B25CC068 /* QuartzCore.framework in Frameworks */,
				E8038280B343BF602F568FBC /* SystemConfiguration.framework in Frameworks */,
			);
			runOnlyForDeploymentPostprocessing = 0;
		};
/* End PBXFrameworksBuildPhase section */

/* Begin PBXGroup section */
		37AC872D50CC8DC723625DAB = {
			isa = PBXGroup;
			children = (
				C7993B0EDDA8D99839467971 /* Source */,
				BA1DA1332F5188CC2EBC55B7 /* Frameworks */,
				EDD2874A20D6A4BD88EE5374 /* Products */,
				581F34810A0D18458D5CBABE /* Build */,
			);
			sourceTree = "<group>";
		};
		46399CDE2976BE7D54305BC4 /* GoogleMapsM4B.framework/Resources */ = {
			isa = PBXGroup;
			children = (
				C1C36D9CD130BE508E694050 /* GoogleMaps.bundle */,
			);
			path = GoogleMapsM4B.framework/Resources;
			sourceTree = "<group>";
		};
		581F34810A0D18458D5CBABE /* Build */ = {
			isa = PBXGroup;
			children = (
				B8F4AA40CBDD4AED01B42CFC /* SDKDemosM4B.gyp */,
			);
			name = Build;
			sourceTree = "<group>";
		};
		664E3E413EB4368579F9362E /* Samples */ = {
			isa = PBXGroup;
			children = (
				6B9A830D81E40E30A32E6E01 /* AnimatedCurrentLocationViewController.h */,
				A7A914BD080181CB913D8B75 /* AnimatedCurrentLocationViewController.m */,
				0D261B9B8CA294B2358865FF /* BasicMapViewController.h */,
				8D7E00513389695DCC2C042F /* BasicMapViewController.m */,
				CCFE46BEE9B55DF37EF3AADB /* CameraViewController.h */,
				321E4F993E3F5D4007752FC4 /* CameraViewController.m */,
				B955AC42878DC2EBECB6F400 /* CustomIndoorViewController.h */,
				88106B723E5598AB9872A6C5 /* CustomIndoorViewController.m */,
				A6FAA83E888080CFFA8DC852 /* CustomMarkersViewController.h */,
				9196A286FC370B967ACF27EF /* CustomMarkersViewController.m */,
				4F2C2FF4505E325AB7C40990 /* DoubleMapViewController.h */,
				956A6C0D70343F13C7DE04AC /* DoubleMapViewController.m */,
				705DD3998CF44C398CD6D4F1 /* FitBoundsViewController.h */,
				D6B060EBD7FC2F104DC34E38 /* FitBoundsViewController.m */,
				E3405A9F55A7C50D7ACC0238 /* FixedPanoramaViewController.h */,
				ED5725E5836CF7D8E6365E5A /* FixedPanoramaViewController.m */,
				AC5727F1403B5838250CE036 /* GeocoderViewController.h */,
				08DC81DE4A540591CE1DC880 /* GeocoderViewController.m */,
				D3D02CB6485689E4A7A2C823 /* GestureControlViewController.h */,
				92FDCF26BE089C0BF5EA5F09 /* GestureControlViewController.m */,
				77C31ADC6BACF7A6019875B7 /* GradientPolylinesViewController.h */,
				754799C75F6FD2384C193689 /* GradientPolylinesViewController.m */,
				7942A8BB8EE787894E8FBFB8 /* GroundOverlayViewController.h */,
				730A4B851ABA242E6C1E64E2 /* GroundOverlayViewController.m */,
				F6221878020B1001E203FBF3 /* IndoorMuseumNavigationViewController.h */,
				7834731A04C2F4794C41543B /* IndoorMuseumNavigationViewController.m */,
				0FE436AC36972EA6811C0BE9 /* IndoorViewController.h */,
				D867E97510A6033214335D76 /* IndoorViewController.m */,
				DFC8A9C70B736D482984454B /* MapLayerViewController.h */,
				0C35639AEA964A79BADE7AFB /* MapLayerViewController.m */,
				F9E6DFD603AB3F1EFD2ABE86 /* MapTypesViewController.h */,
				47EE047D47576E29FE79F5A0 /* MapTypesViewController.m */,
				8F1922270AC162133A10C7A3 /* MapZoomViewController.h */,
				883E6082D743CEFE021C02DF /* MapZoomViewController.m */,
				1C4B0FEBEFCDDC63F6A369A9 /* MarkerEventsViewController.h */,
				C27BB7EA9F0FDAFD9449E232 /* MarkerEventsViewController.m */,
				87D46C0A7D31793057BDECCD /* MarkerInfoWindowViewController.h */,
				1032584C609D452BBCC33E82 /* MarkerInfoWindowViewController.m */,
				E1AE8193FE05DF996AA3C2C1 /* MarkerLayerViewController.h */,
				26680B6E5D503F5CBE5B528F /* MarkerLayerViewController.m */,
				383C56CC68F804E1830EFA3B /* MarkersViewController.h */,
				A8E31C3DD169DCB648812261 /* MarkersViewController.m */,
				6822963243FF4E4319F4E1B5 /* MyLocationViewController.h */,
				A7798C84BB26A8C1CC7863CB /* MyLocationViewController.m */,
				25020F1C66BD8033E0AAB042 /* PanoramaViewController.h */,
				315D7886FFABDE2912FE5506 /* PanoramaViewController.m */,
				005F591985D2E8FE03E5698A /* PolygonsViewController.h */,
				9F74066EF11BEABF337340A1 /* PolygonsViewController.m */,
				A65024D010F7CF58253B641F /* PolylinesViewController.h */,
				A3560CCA96606B26C63B70F9 /* PolylinesViewController.m */,
				2644B3E35EE657B3A72C7E23 /* Samples.h */,
				BD06D428E237CD2077B2137F /* Samples.m */,
				D686C03FE2BA0D6F44227AD1 /* StructuredGeocoderViewController.h */,
				2FBFB4A75B014FC0EBEDB520 /* StructuredGeocoderViewController.m */,
				43C93B2EDE26C6DBBABCD35C /* TileLayerViewController.h */,
				C272230F6DAE976A9E493AA7 /* TileLayerViewController.m */,
				E6C953AF477C90462E399380 /* TrafficMapViewController.h */,
				33A805D06890E050383BE57D /* TrafficMapViewController.m */,
				A3DD8AB00C8D2294F2D21B12 /* VisibleRegionViewController.h */,
				5DE45CD3B5AFAF851435C98B /* VisibleRegionViewController.m */,
			);
			path = Samples;
			sourceTree = "<group>";
		};
		7100959DEEC56FD1CB4825B8 /* Resources */ = {
			isa = PBXGroup;
			children = (
				D921FC5832126F3F4C795889 /* Images */,
				D9D05C19DA6C4DF868C7312E /* Museum-Icons */,
				6E848E6EA2DDE3B73F5282A4 /* aeroplane.png */,
				1327C76B10EB397A4A7ACA55 /* aeroplane@2x.png */,
				51DCC03CB53B821DEC282F37 /* argentina-large.png */,
				268039E6C200BDE3C4254689 /* argentina.png */,
				4364452B85D1A18F441898B2 /* arrow.png */,
				2B29EF35BE4C6DF856F02E7F /* arrow@2x.png */,
				11E766D59714F0A6B939C94A /* australia-large.png */,
				2231160A016B38D25997F73A /* australia-large@2x.png */,
				E318071F732EED0BE0BC2916 /* australia.png */,
				0CD73220B8CDC08AA532E41A /* boat.png */,
				80E47E3E352894D047293747 /* boat@2x.png */,
				7B92FE7085DC559902492809 /* botswana-large.png */,
				6AEEF2979A4D2EE569DA9988 /* botswana.png */,
				C94E1AF767AB744344CCDFD0 /* bulgaria-large.png */,
				428F2F8C1C8FD9578FC87C27 /* bulgaria.png */,
				7786DEB54E6136573B2404B2 /* glow-marker.png */,
				6932ADE6AA2D7A888E91F212 /* glow-marker@2x.png */,
				9F32AACB393095751BC7A37C /* museum-exhibits.json */,
				04A6AF49F4EA0962EA5C19AF /* newark_nj_1922.jpg */,
				9A13BFB8859D3A1B7E90D7AC /* popup_santa.png */,
				16878EA6E02DB7C180C8A7B4 /* popup_santa@2x.png */,
				816EDF3B6305F65FA26F5D64 /* step1.png */,
				1234320D86BC8DA1342277D8 /* step1@2x.png */,
				735E862498127EF0FF5971BA /* step2.png */,
				F72BD4035CFBB07F3FE19979 /* step2@2x.png */,
				04F95D41EC8372BF0EB8B4B6 /* step3.png */,
				CC05A97C56E7FAC8787FF0A4 /* step3@2x.png */,
				BB6B81254C08106049AC2DC5 /* step4.png */,
				8B1DDA1C28700E9F72C1A056 /* step4@2x.png */,
				CFF4D39C45F65CB3D7DB26D8 /* step5.png */,
				1E994BF7B943389D6F97B4AC /* step5@2x.png */,
				5A01B9FC425C4D0B0C4DF7BB /* step6.png */,
				31F031E0F4985806FA529910 /* step6@2x.png */,
				7AAF7903A9145CBBF5189D47 /* step7.png */,
				EDA71DB14CEFCB596D831E38 /* step7@2x.png */,
				5E6FD2A1CFA7A1DB181B7F68 /* step8.png */,
				32014A8749904BDEF49CD22D /* step8@2x.png */,
				7AFEA6FFFF1B8D3822DF941F /* track.json */,
			);
			path = Resources;
			sourceTree = "<group>";
		};
		846FB3B3DBB0C6B60D9CF84D /* SDKDemos */ = {
			isa = PBXGroup;
			children = (
				7100959DEEC56FD1CB4825B8 /* Resources */,
				664E3E413EB4368579F9362E /* Samples */,
				B196B87E39AF598EB9F959A6 /* SDKDemoAPIKey.h */,
				2B936B3BFCE25246321B3777 /* SDKDemoAppDelegate.h */,
				82F4652759E5C2629459B680 /* SDKDemoAppDelegate.m */,
				59BE9E8CE488A125D32DAF5F /* SDKDemoMasterViewController.h */,
				D655D719D371DCE059A99B25 /* SDKDemoMasterViewController.m */,
				9B66D15954D8F24187DE21C2 /* main.m */,
			);
			path = SDKDemos;
			sourceTree = "<group>";
		};
		BA1DA1332F5188CC2EBC55B7 /* Frameworks */ = {
			isa = PBXGroup;
			children = (
				F79F881C13228AD594849743 /* AVFoundation.framework */,
				11696919699E8958C416C659 /* CoreData.framework */,
				4957AAA15BB8D8023E6838A3 /* CoreFoundation.framework */,
				534EFA8B4BAD5659CBEA0953 /* CoreGraphics.framework */,
				C33AC4E88A2CCDDBD5BC34FA /* CoreLocation.framework */,
				61177164531FA20FDBE9F5A7 /* CoreText.framework */,
				1F1B3E128BE2DD9CE32050AA /* Foundation.framework */,
				A2179B301632C7B5EE5B46A1 /* GLKit.framework */,
				D09E8000037836D85677E53E /* GoogleMapsM4B.framework */,
				A3213A16D2578CE7EA1251DB /* ImageIO.framework */,
				BCE6C6C333E70022218656ED /* OpenGLES.framework */,
				B0697784C16F07F7D626CDF4 /* QuartzCore.framework */,
				E113D5A846ABD2225C81D4B3 /* SystemConfiguration.framework */,
				AD707D8F6B146DBDC2F10CD2 /* UIKit.framework */,
				AFDC3579844DD1E62FB5EE10 /* libc++.dylib */,
				F54A8294E97A2A9C26DCB354 /* libicucore.dylib */,
				13B4CBDE163B63923F1220F7 /* libobjc.dylib */,
				D4A716548F0AFEE38B6AEA0C /* libz.dylib */,
			);
			name = Frameworks;
			sourceTree = "<group>";
		};
		C7993B0EDDA8D99839467971 /* Source */ = {
			isa = PBXGroup;
			children = (
				46399CDE2976BE7D54305BC4 /* GoogleMapsM4B.framework/Resources */,
				846FB3B3DBB0C6B60D9CF84D /* SDKDemos */,
			);
			name = Source;
			sourceTree = "<group>";
		};
		D921FC5832126F3F4C795889 /* Images */ = {
			isa = PBXGroup;
			children = (
				AD4CA15F7E864FC35CB760C3 /* Default-568h@2x.png */,
				2A690EAF331EBA8C8A5DC42F /* Default-Landscape@2x~ipad.png */,
				1214BF55DE4633F5D1C894BA /* Default-Landscape~ipad.png */,
				D17829956DC8FF125EB6102D /* Default-Portrait@2x~ipad.png */,
				2BE705B6E55F538CB93A5A6E /* Default-Portrait~ipad.png */,
				1D26EAE39D7F69D600252F68 /* Default.png */,
				EDF5B666CE0957F188FFCB4B /* Default@2x.png */,
				F6C594E88C06D7DA87F8877D /* sdkdemos_icon-72.png */,
				A2A3EFF13C682A31BFB731CF /* sdkdemos_icon-72@2x.png */,
				B2A4D274837D69A128B89619 /* sdkdemos_icon.png */,
				909FEDA2C4D3C6858FDD4628 /* sdkdemos_icon@2x.png */,
			);
			path = Images;
			sourceTree = "<group>";
		};
		D9D05C19DA6C4DF868C7312E /* Museum-Icons */ = {
			isa = PBXGroup;
			children = (
				99CCF7C90BF0F7CBC6BBE661 /* h1.png */,
				653D0E39C4E1A77DC162C172 /* h1@2x.png */,
				5C79421BEC3A99E3BB330077 /* spitfire.png */,
				23967BB3D1A983C9FF67DFD0 /* spitfire@2x.png */,
				95F66F6930A5976AE53219AE /* voyager.png */,
				035E1D2C5C635049AAD220C4 /* voyager@2x.png */,
				15560B53FF631DD2FE33C901 /* x29.png */,
				B9C84D80C8214B3D665F1A56 /* x29@2x.png */,
			);
			path = "Museum-Icons";
			sourceTree = "<group>";
		};
		EDD2874A20D6A4BD88EE5374 /* Products */ = {
			isa = PBXGroup;
			children = (
				ABE4A688C8943555A96DD917 /* SDKDemos.app */,
			);
			name = Products;
			sourceTree = "<group>";
		};
/* End PBXGroup section */

/* Begin PBXNativeTarget section */
		C2FAAE95BB6CC79C2D88EB8F /* SDKDemos */ = {
			isa = PBXNativeTarget;
			buildConfigurationList = 5F8BE8095D6B3D2842313DA4 /* Build configuration list for PBXNativeTarget "SDKDemos" */;
			buildPhases = (
				967606DBF95632296A3C81D2 /* Resources */,
				F7EB1CA00B813D5D1E90BAA0 /* Sources */,
				D3AC4FFB13EC8D0FA039290A /* Frameworks */,
			);
			buildRules = (
			);
			dependencies = (
			);
			name = SDKDemos;
			productName = SDKDemos;
			productReference = ABE4A688C8943555A96DD917 /* SDKDemos.app */;
			productType = "com.apple.product-type.application";
		};
/* End PBXNativeTarget section */

/* Begin PBXProject section */
		A96C29CC4E94315179313C0C /* Project object */ = {
			isa = PBXProject;
			attributes = {
				BuildIndependentTargetsInParallel = YES;
			};
			buildConfigurationList = 9B66A35D8FECDD339B3BFA7B /* Build configuration list for PBXProject "SDKDemosM4B" */;
			compatibilityVersion = "Xcode 3.2";
			hasScannedForEncodings = 1;
			mainGroup = 37AC872D50CC8DC723625DAB;
			projectDirPath = "";
			projectRoot = "";
			targets = (
				C2FAAE95BB6CC79C2D88EB8F /* SDKDemos */,
			);
		};
/* End PBXProject section */

/* Begin PBXResourcesBuildPhase section */
		967606DBF95632296A3C81D2 /* Resources */ = {
			isa = PBXResourcesBuildPhase;
			buildActionMask = 2147483647;
			files = (
				FE67C6A9513043BC1E7B5C03 /* aeroplane.png in Resources */,
				2A082EE26F75BA019281EE52 /* aeroplane@2x.png in Resources */,
				B08180BFD139F740E190B35C /* argentina-large.png in Resources */,
				AEFC31AB4BFD2461564B9273 /* argentina.png in Resources */,
				7B9E4F95E49C6D5BB2508840 /* arrow.png in Resources */,
				923F4CA218690B6C11C55A82 /* arrow@2x.png in Resources */,
				9C5D0D1C77DE755E0632B7F9 /* australia-large.png in Resources */,
				982C3B2A0A3760C2AF19350B /* australia-large@2x.png in Resources */,
				E44DA622E7C7070E8E715270 /* australia.png in Resources */,
				0193831AEE1A4CE60C818D59 /* boat.png in Resources */,
				26E6247CA357EE47BA7D922F /* boat@2x.png in Resources */,
				F2CB96AF05381A5F065E35E7 /* botswana-large.png in Resources */,
				AC9225B49DE68347F9DBB915 /* botswana.png in Resources */,
				FEED8F89E911FE256AEE4C91 /* bulgaria-large.png in Resources */,
				187EDFB8D8F19F9F7BA13DB5 /* bulgaria.png in Resources */,
				4CBAD13AE710F4DF0A2E5013 /* glow-marker.png in Resources */,
				61F6E9FE390645BD41FF7BB5 /* glow-marker@2x.png in Resources */,
				C61D58CCB0E4674B7C4FE279 /* Default-568h@2x.png in Resources */,
				396FFB04F5F56F292C9FB1D6 /* Default-Landscape@2x~ipad.png in Resources */,
				A711BE91BEAEA42FCC3E4885 /* Default-Landscape~ipad.png in Resources */,
				C424C933021A5CE92E75AD99 /* Default-Portrait@2x~ipad.png in Resources */,
				C7542E9E2504F4DCC588A6D2 /* Default-Portrait~ipad.png in Resources */,
				FE83BF82E6D9F3D3363BCAA2 /* Default.png in Resources */,
				EB86A0931A5D18AF40443ED6 /* Default@2x.png in Resources */,
				8C677DCA6CC90314E330DA20 /* sdkdemos_icon-72.png in Resources */,
				64EF2BD8EBD6DCCB988F1929 /* sdkdemos_icon-72@2x.png in Resources */,
				902765C1B91618CD36681AE7 /* sdkdemos_icon.png in Resources */,
				942AAA6CDB21A90E8FE65094 /* sdkdemos_icon@2x.png in Resources */,
				95CE95F9B10DFD31E16A06BA /* h1.png in Resources */,
				F086691BB7743BA1291B9C82 /* h1@2x.png in Resources */,
				75F4D7832F8E5870603E61F4 /* spitfire.png in Resources */,
				FF1538B27FF995976F1AC752 /* spitfire@2x.png in Resources */,
				5F5B8EA38518663D2FC1A335 /* voyager.png in Resources */,
				3579CEB5C0FD3EB6796276F9 /* voyager@2x.png in Resources */,
				9E9FE518087E91159BB3AC33 /* x29.png in Resources */,
				A774C3F9FE8F278352BE09B4 /* x29@2x.png in Resources */,
				AEA26D4C239AA35D9FC892D8 /* popup_santa.png in Resources */,
				56DE2B4F2445C78317486DE0 /* popup_santa@2x.png in Resources */,
				FA4E31DDC478CAE0AE70B79D /* step1.png in Resources */,
				0ACB26CEC0D07A6D4E904A18 /* step1@2x.png in Resources */,
				73F83D61A0946E3F54C8D008 /* step2.png in Resources */,
				13028D7CD0E2C3746319DE74 /* step2@2x.png in Resources */,
				893D97D063B52511F23244E4 /* step3.png in Resources */,
				41F6ADA91A330349151270D4 /* step3@2x.png in Resources */,
				C56C729DCCAE91DBAC8BFC91 /* step4.png in Resources */,
				9F993824C4C1D12120A62007 /* step4@2x.png in Resources */,
				50C28BDB26F8930686D79321 /* step5.png in Resources */,
				23F484E307D764637C5E8421 /* step5@2x.png in Resources */,
				C98E952CD6B996224967C71D /* step6.png in Resources */,
				70E2D2CBE0BED844BFEAE894 /* step6@2x.png in Resources */,
				337433D868EF595CF5CA2BC6 /* step7.png in Resources */,
				50770220FC8EE0CE6368DD43 /* step7@2x.png in Resources */,
				EE1D7589A5442886647B6776 /* step8.png in Resources */,
				6BC68C56F581F176818EC3C8 /* step8@2x.png in Resources */,
				550A0FEE30FCFAAA65B69DA9 /* newark_nj_1922.jpg in Resources */,
				EC2AA224C8F4B770614A5D96 /* museum-exhibits.json in Resources */,
				C1EB886FCAD4E026F3310BA5 /* track.json in Resources */,
				2B4C8F04F2106B58CB139B99 /* GoogleMaps.bundle in Resources */,
			);
			runOnlyForDeploymentPostprocessing = 0;
		};
/* End PBXResourcesBuildPhase section */

/* Begin PBXSourcesBuildPhase section */
		F7EB1CA00B813D5D1E90BAA0 /* Sources */ = {
			isa = PBXSourcesBuildPhase;
			buildActionMask = 2147483647;
			files = (
				7854309A425A80C72F07B421 /* main.m in Sources */,
				11AEDF32AAB99CF8D1E68D48 /* AnimatedCurrentLocationViewController.m in Sources */,
				1ADD6A75469A9E8EAD28AFF3 /* BasicMapViewController.m in Sources */,
				6F267547BA1EE019777BB800 /* CameraViewController.m in Sources */,
				90F2C0D842162DCB05D94D97 /* CustomIndoorViewController.m in Sources */,
				C1321BED67EE8677DAE99D68 /* CustomMarkersViewController.m in Sources */,
				BDCAF7A9EC742CD09145C748 /* DoubleMapViewController.m in Sources */,
				510FFD848DCE428069465586 /* FitBoundsViewController.m in Sources */,
				F1C865E82EB25311C7668C99 /* FixedPanoramaViewController.m in Sources */,
				C0D3133C9610235A7A91AB8F /* GeocoderViewController.m in Sources */,
				362CF5A7B3C38D5A12EF4092 /* GestureControlViewController.m in Sources */,
				4EBA0EBFF557305CA9EC8F4E /* GradientPolylinesViewController.m in Sources */,
				D9EF3D08B0A30CDF9A2C9774 /* GroundOverlayViewController.m in Sources */,
				D3C26043098F2405FC382BDB /* IndoorMuseumNavigationViewController.m in Sources */,
				9E3293AEDE7E7136FD69CAEE /* IndoorViewController.m in Sources */,
				53681516A080855A51EEC2C1 /* MapLayerViewController.m in Sources */,
				C16268542D8FA18182EC8572 /* MapTypesViewController.m in Sources */,
				28FE5F272F16E4BBD6EA6F6F /* MapZoomViewController.m in Sources */,
				18F5FAE6DE377A51B0B62A3C /* MarkerEventsViewController.m in Sources */,
				B3E74B5EB04F20396B3E527C /* MarkerInfoWindowViewController.m in Sources */,
				F6AD35D92D647C80A07824B6 /* MarkerLayerViewController.m in Sources */,
				A8ABE97960DC42EB4D768A3B /* MarkersViewController.m in Sources */,
				FBB9EED4DA10788B42C57849 /* MyLocationViewController.m in Sources */,
				720A1D38454DC78A77594117 /* PanoramaViewController.m in Sources */,
				6EBE0F0A38D6783935ED7923 /* PolygonsViewController.m in Sources */,
				6E600CA835805DBAFBA25404 /* PolylinesViewController.m in Sources */,
				D092BC10BBB50DFD5301DA0E /* Samples.m in Sources */,
				10DFF81DF049A352ADD803B7 /* StructuredGeocoderViewController.m in Sources */,
				8F95822A4560F02F79D6292C /* TileLayerViewController.m in Sources */,
				CA42A0A340E1F78484718B98 /* TrafficMapViewController.m in Sources */,
				DE9D30F15F6DC717D9A35A92 /* VisibleRegionViewController.m in Sources */,
				7E8F4F36BDC3A4E098B49C95 /* SDKDemoAppDelegate.m in Sources */,
				AC1DC4F81D5763F7D72B04CD /* SDKDemoMasterViewController.m in Sources */,
			);
			runOnlyForDeploymentPostprocessing = 0;
		};
/* End PBXSourcesBuildPhase section */

/* Begin XCBuildConfiguration section */
		22BEA01D1B61F4DD8CBF5EAA /* Default */ = {
			isa = XCBuildConfiguration;
			buildSettings = {
				INTERMEDIATE_DIR = "$(PROJECT_DERIVED_FILE_DIR)/$(CONFIGURATION)";
				SDKROOT = iphoneos;
				SHARED_INTERMEDIATE_DIR = "$(SYMROOT)/DerivedSources/$(CONFIGURATION)";
			};
			name = Default;
		};
		DC4369B3374AE332CA644C64 /* Default */ = {
			isa = XCBuildConfiguration;
			buildSettings = {
				CLANG_ENABLE_OBJC_ARC = YES;
				FRAMEWORK_SEARCH_PATHS = "$(SRCROOT)";
				INFOPLIST_FILE = "./SDKDemos/SDKDemo-Info.plist";
				IPHONEOS_DEPLOYMENT_TARGET = 6.0;
				LIBRARY_SEARCH_PATHS = (
					.,
					"$(SDKROOT)/System/Library/Frameworks",
				);
				OTHER_LDFLAGS = "-ObjC";
				PRODUCT_NAME = SDKDemos;
				TARGETED_DEVICE_FAMILY = "1,2";
				USER_HEADER_SEARCH_PATHS = "$(SRCROOT)";
				USE_HEADERMAP = NO;
				VALID_ARCHS = "i386 armv7";
				WRAPPER_PREFIX = "";
			};
			name = Default;
		};
/* End XCBuildConfiguration section */

/* Begin XCConfigurationList section */
		5F8BE8095D6B3D2842313DA4 /* Build configuration list for PBXNativeTarget "SDKDemos" */ = {
			isa = XCConfigurationList;
			buildConfigurations = (
				DC4369B3374AE332CA644C64 /* Default */,
			);
			defaultConfigurationIsVisible = 1;
			defaultConfigurationName = Default;
		};
		9B66A35D8FECDD339B3BFA7B /* Build configuration list for PBXProject "SDKDemosM4B" */ = {
			isa = XCConfigurationList;
			buildConfigurations = (
				22BEA01D1B61F4DD8CBF5EAA /* Default */,
			);
			defaultConfigurationIsVisible = 1;
			defaultConfigurationName = Default;
		};
/* End XCConfigurationList section */
	};
	rootObject = A96C29CC4E94315179313C0C /* Project object */;
}
