// !$*UTF8*$!
{
	archiveVersion = 1;
	classes = {
	};
	objectVersion = 46;
	objects = {

/* Begin PBXBuildFile section */
		A5BDA72E19E9517B00481977 /* UIKit.framework in Frameworks */ = {isa = PBXBuildFile; fileRef = A50B13DB19E95057005EAF0E /* UIKit.framework */; };
		F0454D8719E9378D004DE0F3 /* main.m in Sources */ = {isa = PBXBuildFile; fileRef = F0454D8619E9378D004DE0F3 /* main.m */; };
		F0454D8A19E9378D004DE0F3 /* AppDelegate.m in Sources */ = {isa = PBXBuildFile; fileRef = F0454D8919E9378D004DE0F3 /* AppDelegate.m */; };
		F0454D8D19E9378D004DE0F3 /* UrBike.xcdatamodeld in Sources */ = {isa = PBXBuildFile; fileRef = F0454D8B19E9378D004DE0F3 /* UrBike.xcdatamodeld */; };
		F0454D9319E9378D004DE0F3 /* Main.storyboard in Resources */ = {isa = PBXBuildFile; fileRef = F0454D9119E9378D004DE0F3 /* Main.storyboard */; };
		F0454D9519E9378D004DE0F3 /* Images.xcassets in Resources */ = {isa = PBXBuildFile; fileRef = F0454D9419E9378D004DE0F3 /* Images.xcassets */; };
		F0454EC919E93B7B004DE0F3 /* AVFoundation.framework in Frameworks */ = {isa = PBXBuildFile; fileRef = F0454EC819E93B7B004DE0F3 /* AVFoundation.framework */; };
		F0454ECB19E93B84004DE0F3 /* CoreData.framework in Frameworks */ = {isa = PBXBuildFile; fileRef = F0454ECA19E93B84004DE0F3 /* CoreData.framework */; };
		F0454ECD19E93B8A004DE0F3 /* CoreLocation.framework in Frameworks */ = {isa = PBXBuildFile; fileRef = F0454ECC19E93B8A004DE0F3 /* CoreLocation.framework */; };
		F0454EDD19E93BD4004DE0F3 /* QuartzCore.framework in Frameworks */ = {isa = PBXBuildFile; fileRef = F0454EDC19E93BD4004DE0F3 /* QuartzCore.framework */; };
/* End PBXBuildFile section */

/* Begin PBXContainerItemProxy section */
		F0454D9E19E9378D004DE0F3 /* PBXContainerItemProxy */ = {
			isa = PBXContainerItemProxy;
			containerPortal = F0454D7919E9378D004DE0F3 /* Project object */;
			proxyType = 1;
			remoteGlobalIDString = F0454D8019E9378D004DE0F3;
			remoteInfo = UrBike;
		};
/* End PBXContainerItemProxy section */

/* Begin PBXFileReference section */
		A50B13DB19E95057005EAF0E /* UIKit.framework */ = {isa = PBXFileReference; lastKnownFileType = wrapper.framework; name = UIKit.framework; path = System/Library/Frameworks/UIKit.framework; sourceTree = SDKROOT; };
		F0454D8119E9378D004DE0F3 /* UrBike.app */ = {isa = PBXFileReference; explicitFileType = wrapper.application; includeInIndex = 0; path = UrBike.app; sourceTree = BUILT_PRODUCTS_DIR; };
		F0454D8519E9378D004DE0F3 /* Info.plist */ = {isa = PBXFileReference; lastKnownFileType = text.plist.xml; path = Info.plist; sourceTree = "<group>"; };
		F0454D8619E9378D004DE0F3 /* main.m */ = {isa = PBXFileReference; lastKnownFileType = sourcecode.c.objc; path = main.m; sourceTree = "<group>"; };
		F0454D8819E9378D004DE0F3 /* AppDelegate.h */ = {isa = PBXFileReference; lastKnownFileType = sourcecode.c.h; path = AppDelegate.h; sourceTree = "<group>"; };
		F0454D8919E9378D004DE0F3 /* AppDelegate.m */ = {isa = PBXFileReference; lastKnownFileType = sourcecode.c.objc; path = AppDelegate.m; sourceTree = "<group>"; };
		F0454D8C19E9378D004DE0F3 /* UrBike.xcdatamodel */ = {isa = PBXFileReference; lastKnownFileType = wrapper.xcdatamodel; path = UrBike.xcdatamodel; sourceTree = "<group>"; };
		F0454D9219E9378D004DE0F3 /* Base */ = {isa = PBXFileReference; lastKnownFileType = file.storyboard; name = Base; path = Base.lproj/Main.storyboard; sourceTree = "<group>"; };
		F0454D9419E9378D004DE0F3 /* Images.xcassets */ = {isa = PBXFileReference; lastKnownFileType = folder.assetcatalog; path = Images.xcassets; sourceTree = "<group>"; };
		F0454D9D19E9378D004DE0F3 /* UrBikeTests.xctest */ = {isa = PBXFileReference; explicitFileType = wrapper.cfbundle; includeInIndex = 0; path = UrBikeTests.xctest; sourceTree = BUILT_PRODUCTS_DIR; };
		F0454EC819E93B7B004DE0F3 /* AVFoundation.framework */ = {isa = PBXFileReference; lastKnownFileType = wrapper.framework; name = AVFoundation.framework; path = System/Library/Frameworks/AVFoundation.framework; sourceTree = SDKROOT; };
		F0454ECA19E93B84004DE0F3 /* CoreData.framework */ = {isa = PBXFileReference; lastKnownFileType = wrapper.framework; name = CoreData.framework; path = System/Library/Frameworks/CoreData.framework; sourceTree = SDKROOT; };
		F0454ECC19E93B8A004DE0F3 /* CoreLocation.framework */ = {isa = PBXFileReference; lastKnownFileType = wrapper.framework; name = CoreLocation.framework; path = System/Library/Frameworks/CoreLocation.framework; sourceTree = SDKROOT; };
		F0454EDC19E93BD4004DE0F3 /* QuartzCore.framework */ = {isa = PBXFileReference; lastKnownFileType = wrapper.framework; name = QuartzCore.framework; path = System/Library/Frameworks/QuartzCore.framework; sourceTree = SDKROOT; };
/* End PBXFileReference section */

/* Begin PBXFrameworksBuildPhase section */
		F0454D7E19E9378D004DE0F3 /* Frameworks */ = {
			isa = PBXFrameworksBuildPhase;
			buildActionMask = 2147483647;
			files = (
				A5BDA72E19E9517B00481977 /* UIKit.framework in Frameworks */,
				F0454EDD19E93BD4004DE0F3 /* QuartzCore.framework in Frameworks */,
				F0454ECD19E93B8A004DE0F3 /* CoreLocation.framework in Frameworks */,
				F0454ECB19E93B84004DE0F3 /* CoreData.framework in Frameworks */,
				F0454EC919E93B7B004DE0F3 /* AVFoundation.framework in Frameworks */,
			);
			runOnlyForDeploymentPostprocessing = 0;
		};
		F0454D9A19E9378D004DE0F3 /* Frameworks */ = {
			isa = PBXFrameworksBuildPhase;
			buildActionMask = 2147483647;
			files = (
			);
			runOnlyForDeploymentPostprocessing = 0;
		};
/* End PBXFrameworksBuildPhase section */

/* Begin PBXGroup section */
		A50B13DA19E94DEB005EAF0E /* CoreData */ = {
			isa = PBXGroup;
			children = (
				F0454D8B19E9378D004DE0F3 /* UrBike.xcdatamodeld */,
			);
			name = CoreData;
			sourceTree = "<group>";
		};
		A5AD69FF19E944CA00E32054 /* Model */ = {
			isa = PBXGroup;
			children = (
			);
			name = Model;
			sourceTree = "<group>";
		};
		A5AD6A0019E944D300E32054 /* Github */ = {
			isa = PBXGroup;
			children = (
			);
			name = Github;
			sourceTree = "<group>";
		};
		A5AD6A0119E944FD00E32054 /* Assets */ = {
			isa = PBXGroup;
			children = (
			);
			name = Assets;
			sourceTree = "<group>";
		};
		A5AD6A0219E946C300E32054 /* Controller */ = {
			isa = PBXGroup;
			children = (
			);
			name = Controller;
			sourceTree = "<group>";
		};
		A5AD6A0319E9470400E32054 /* App */ = {
			isa = PBXGroup;
			children = (
				F0454D8819E9378D004DE0F3 /* AppDelegate.h */,
				F0454D8919E9378D004DE0F3 /* AppDelegate.m */,
			);
			name = App;
			sourceTree = "<group>";
		};
		F0454D7819E9378D004DE0F3 = {
			isa = PBXGroup;
			children = (
				F0454EC319E93AF7004DE0F3 /* Frameworks */,
				F0454D8319E9378D004DE0F3 /* UrBike */,
				F0454D8219E9378D004DE0F3 /* Products */,
			);
			sourceTree = "<group>";
		};
		F0454D8219E9378D004DE0F3 /* Products */ = {
			isa = PBXGroup;
			children = (
				F0454D8119E9378D004DE0F3 /* UrBike.app */,
				F0454D9D19E9378D004DE0F3 /* UrBikeTests.xctest */,
			);
			name = Products;
			sourceTree = "<group>";
		};
		F0454D8319E9378D004DE0F3 /* UrBike */ = {
			isa = PBXGroup;
			children = (
				A50B13DA19E94DEB005EAF0E /* CoreData */,
				A5AD6A0319E9470400E32054 /* App */,
				A5AD6A0219E946C300E32054 /* Controller */,
				A5AD6A0119E944FD00E32054 /* Assets */,
				A5AD6A0019E944D300E32054 /* Github */,
				A5AD69FF19E944CA00E32054 /* Model */,
				F0454D9119E9378D004DE0F3 /* Main.storyboard */,
				F0454D9419E9378D004DE0F3 /* Images.xcassets */,
				F0454D8419E9378D004DE0F3 /* Supporting Files */,
			);
			path = UrBike;
			sourceTree = "<group>";
		};
		F0454D8419E9378D004DE0F3 /* Supporting Files */ = {
			isa = PBXGroup;
			children = (
				F0454D8519E9378D004DE0F3 /* Info.plist */,
				F0454D8619E9378D004DE0F3 /* main.m */,
			);
			name = "Supporting Files";
			sourceTree = "<group>";
		};
		F0454EC319E93AF7004DE0F3 /* Frameworks */ = {
			isa = PBXGroup;
			children = (
				A50B13DB19E95057005EAF0E /* UIKit.framework */,
				F0454EDC19E93BD4004DE0F3 /* QuartzCore.framework */,
				F0454ECC19E93B8A004DE0F3 /* CoreLocation.framework */,
				F0454ECA19E93B84004DE0F3 /* CoreData.framework */,
				F0454EC819E93B7B004DE0F3 /* AVFoundation.framework */,
			);
			name = Frameworks;
			sourceTree = "<group>";
		};
/* End PBXGroup section */

/* Begin PBXNativeTarget section */
		F0454D8019E9378D004DE0F3 /* UrBike */ = {
			isa = PBXNativeTarget;
			buildConfigurationList = F0454DA719E9378D004DE0F3 /* Build configuration list for PBXNativeTarget "UrBike" */;
			buildPhases = (
				F0454D7D19E9378D004DE0F3 /* Sources */,
				F0454D7E19E9378D004DE0F3 /* Frameworks */,
				F0454D7F19E9378D004DE0F3 /* Resources */,
			);
			buildRules = (
			);
			dependencies = (
			);
			name = UrBike;
			productName = UrBike;
			productReference = F0454D8119E9378D004DE0F3 /* UrBike.app */;
			productType = "com.apple.product-type.application";
		};
		F0454D9C19E9378D004DE0F3 /* UrBikeTests */ = {
			isa = PBXNativeTarget;
			buildConfigurationList = F0454DAA19E9378D004DE0F3 /* Build configuration list for PBXNativeTarget "UrBikeTests" */;
			buildPhases = (
				F0454D9919E9378D004DE0F3 /* Sources */,
				F0454D9A19E9378D004DE0F3 /* Frameworks */,
				F0454D9B19E9378D004DE0F3 /* Resources */,
			);
			buildRules = (
			);
			dependencies = (
				F0454D9F19E9378D004DE0F3 /* PBXTargetDependency */,
			);
			name = UrBikeTests;
			productName = UrBikeTests;
			productReference = F0454D9D19E9378D004DE0F3 /* UrBikeTests.xctest */;
			productType = "com.apple.product-type.bundle.unit-test";
		};
/* End PBXNativeTarget section */

/* Begin PBXProject section */
		F0454D7919E9378D004DE0F3 /* Project object */ = {
			isa = PBXProject;
			attributes = {
				LastUpgradeCheck = 0600;
				ORGANIZATIONNAME = com.UrBike;
				TargetAttributes = {
					F0454D8019E9378D004DE0F3 = {
						CreatedOnToolsVersion = 6.0.1;
					};
					F0454D9C19E9378D004DE0F3 = {
						CreatedOnToolsVersion = 6.0.1;
						TestTargetID = F0454D8019E9378D004DE0F3;
					};
				};
			};
			buildConfigurationList = F0454D7C19E9378D004DE0F3 /* Build configuration list for PBXProject "UrBike" */;
			compatibilityVersion = "Xcode 3.2";
			developmentRegion = English;
			hasScannedForEncodings = 0;
			knownRegions = (
				en,
				Base,
				ar,
				ca,
				cs,
				da,
				de,
				el,
				en_GB,
				es,
				fi,
				fr,
				he,
				hr,
				hu,
				id,
				it,
				ja,
				ko,
				ms,
				nl,
				no,
				pl,
				pt,
				pt_PT,
				ro,
				ru,
				sk,
				sv,
				th,
				tr,
				uk,
				vi,
				zh_CN,
				zh_TW,
			);
			mainGroup = F0454D7819E9378D004DE0F3;
			productRefGroup = F0454D8219E9378D004DE0F3 /* Products */;
			projectDirPath = "";
			projectRoot = "";
			targets = (
				F0454D8019E9378D004DE0F3 /* UrBike */,
				F0454D9C19E9378D004DE0F3 /* UrBikeTests */,
			);
		};
/* End PBXProject section */

/* Begin PBXResourcesBuildPhase section */
		F0454D7F19E9378D004DE0F3 /* Resources */ = {
			isa = PBXResourcesBuildPhase;
			buildActionMask = 2147483647;
			files = (
				F0454D9319E9378D004DE0F3 /* Main.storyboard in Resources */,
				F0454D9519E9378D004DE0F3 /* Images.xcassets in Resources */,
			);
			runOnlyForDeploymentPostprocessing = 0;
		};
		F0454D9B19E9378D004DE0F3 /* Resources */ = {
			isa = PBXResourcesBuildPhase;
			buildActionMask = 2147483647;
			files = (
			);
			runOnlyForDeploymentPostprocessing = 0;
		};
/* End PBXResourcesBuildPhase section */

/* Begin PBXSourcesBuildPhase section */
		F0454D7D19E9378D004DE0F3 /* Sources */ = {
			isa = PBXSourcesBuildPhase;
			buildActionMask = 2147483647;
			files = (
				F0454D8D19E9378D004DE0F3 /* UrBike.xcdatamodeld in Sources */,
				F0454D8A19E9378D004DE0F3 /* AppDelegate.m in Sources */,
				F0454D8719E9378D004DE0F3 /* main.m in Sources */,
			);
			runOnlyForDeploymentPostprocessing = 0;
		};
		F0454D9919E9378D004DE0F3 /* Sources */ = {
			isa = PBXSourcesBuildPhase;
			buildActionMask = 2147483647;
			files = (
			);
			runOnlyForDeploymentPostprocessing = 0;
		};
/* End PBXSourcesBuildPhase section */

/* Begin PBXTargetDependency section */
		F0454D9F19E9378D004DE0F3 /* PBXTargetDependency */ = {
			isa = PBXTargetDependency;
			target = F0454D8019E9378D004DE0F3 /* UrBike */;
			targetProxy = F0454D9E19E9378D004DE0F3 /* PBXContainerItemProxy */;
		};
/* End PBXTargetDependency section */

/* Begin PBXVariantGroup section */
		F0454D9119E9378D004DE0F3 /* Main.storyboard */ = {
			isa = PBXVariantGroup;
			children = (
				F0454D9219E9378D004DE0F3 /* Base */,
			);
			name = Main.storyboard;
			sourceTree = "<group>";
		};
/* End PBXVariantGroup section */

/* Begin XCBuildConfiguration section */
		F0454DA519E9378D004DE0F3 /* Debug */ = {
			isa = XCBuildConfiguration;
			buildSettings = {
				ALWAYS_SEARCH_USER_PATHS = NO;
				CLANG_CXX_LANGUAGE_STANDARD = "gnu++0x";
				CLANG_CXX_LIBRARY = "libc++";
				CLANG_ENABLE_MODULES = YES;
				CLANG_ENABLE_OBJC_ARC = YES;
				CLANG_WARN_BOOL_CONVERSION = YES;
				CLANG_WARN_CONSTANT_CONVERSION = YES;
				CLANG_WARN_DIRECT_OBJC_ISA_USAGE = YES_ERROR;
				CLANG_WARN_EMPTY_BODY = YES;
				CLANG_WARN_ENUM_CONVERSION = YES;
				CLANG_WARN_INT_CONVERSION = YES;
				CLANG_WARN_OBJC_ROOT_CLASS = YES_ERROR;
				CLANG_WARN_UNREACHABLE_CODE = YES;
				CLANG_WARN__DUPLICATE_METHOD_MATCH = YES;
				"CODE_SIGN_IDENTITY[sdk=iphoneos*]" = "iPhone Developer";
				COPY_PHASE_STRIP = NO;
				ENABLE_STRICT_OBJC_MSGSEND = YES;
				GCC_C_LANGUAGE_STANDARD = gnu99;
				GCC_DYNAMIC_NO_PIC = NO;
				GCC_OPTIMIZATION_LEVEL = 0;
				GCC_PREPROCESSOR_DEFINITIONS = (
					"DEBUG=1",
					"$(inherited)",
				);
				GCC_SYMBOLS_PRIVATE_EXTERN = NO;
				GCC_WARN_64_TO_32_BIT_CONVERSION = YES;
				GCC_WARN_ABOUT_RETURN_TYPE = YES_ERROR;
				GCC_WARN_UNDECLARED_SELECTOR = YES;
				GCC_WARN_UNINITIALIZED_AUTOS = YES_AGGRESSIVE;
				GCC_WARN_UNUSED_FUNCTION = YES;
				GCC_WARN_UNUSED_VARIABLE = YES;
				IPHONEOS_DEPLOYMENT_TARGET = 7.0;
				MTL_ENABLE_DEBUG_INFO = YES;
				ONLY_ACTIVE_ARCH = YES;
				SDKROOT = iphoneos;
			};
			name = Debug;
		};
		F0454DA619E9378D004DE0F3 /* Release */ = {
			isa = XCBuildConfiguration;
			buildSettings = {
				ALWAYS_SEARCH_USER_PATHS = NO;
				CLANG_CXX_LANGUAGE_STANDARD = "gnu++0x";
				CLANG_CXX_LIBRARY = "libc++";
				CLANG_ENABLE_MODULES = YES;
				CLANG_ENABLE_OBJC_ARC = YES;
				CLANG_WARN_BOOL_CONVERSION = YES;
				CLANG_WARN_CONSTANT_CONVERSION = YES;
				CLANG_WARN_DIRECT_OBJC_ISA_USAGE = YES_ERROR;
				CLANG_WARN_EMPTY_BODY = YES;
				CLANG_WARN_ENUM_CONVERSION = YES;
				CLANG_WARN_INT_CONVERSION = YES;
				CLANG_WARN_OBJC_ROOT_CLASS = YES_ERROR;
				CLANG_WARN_UNREACHABLE_CODE = YES;
				CLANG_WARN__DUPLICATE_METHOD_MATCH = YES;
				"CODE_SIGN_IDENTITY[sdk=iphoneos*]" = "iPhone Developer";
				COPY_PHASE_STRIP = YES;
				ENABLE_NS_ASSERTIONS = NO;
				ENABLE_STRICT_OBJC_MSGSEND = YES;
				GCC_C_LANGUAGE_STANDARD = gnu99;
				GCC_WARN_64_TO_32_BIT_CONVERSION = YES;
				GCC_WARN_ABOUT_RETURN_TYPE = YES_ERROR;
				GCC_WARN_UNDECLARED_SELECTOR = YES;
				GCC_WARN_UNINITIALIZED_AUTOS = YES_AGGRESSIVE;
				GCC_WARN_UNUSED_FUNCTION = YES;
				GCC_WARN_UNUSED_VARIABLE = YES;
				IPHONEOS_DEPLOYMENT_TARGET = 7.0;
				MTL_ENABLE_DEBUG_INFO = NO;
				SDKROOT = iphoneos;
				VALIDATE_PRODUCT = YES;
			};
			name = Release;
		};
		F0454DA819E9378D004DE0F3 /* Debug */ = {
			isa = XCBuildConfiguration;
			buildSettings = {
				ASSETCATALOG_COMPILER_APPICON_NAME = AppIcon;
				FRAMEWORK_SEARCH_PATHS = "";
				INFOPLIST_FILE = UrBike/Info.plist;
				IPHONEOS_DEPLOYMENT_TARGET = 7.0;
				LD_RUNPATH_SEARCH_PATHS = "$(inherited) @executable_path/Frameworks";
				OTHER_LDFLAGS = "-ObjC";
				PRODUCT_NAME = "$(TARGET_NAME)";
			};
			name = Debug;
		};
		F0454DA919E9378D004DE0F3 /* Release */ = {
			isa = XCBuildConfiguration;
			buildSettings = {
				ASSETCATALOG_COMPILER_APPICON_NAME = AppIcon;
				FRAMEWORK_SEARCH_PATHS = "";
				INFOPLIST_FILE = UrBike/Info.plist;
				IPHONEOS_DEPLOYMENT_TARGET = 7.0;
				LD_RUNPATH_SEARCH_PATHS = "$(inherited) @executable_path/Frameworks";
				OTHER_LDFLAGS = "-ObjC";
				PRODUCT_NAME = "$(TARGET_NAME)";
			};
			name = Release;
		};
		F0454DAB19E9378D004DE0F3 /* Debug */ = {
			isa = XCBuildConfiguration;
			buildSettings = {
				BUNDLE_LOADER = "$(TEST_HOST)";
				FRAMEWORK_SEARCH_PATHS = (
					"$(SDKROOT)/Developer/Library/Frameworks",
					"$(inherited)",
				);
				GCC_PREPROCESSOR_DEFINITIONS = (
					"DEBUG=1",
					"$(inherited)",
				);
				INFOPLIST_FILE = UrBikeTests/Info.plist;
				LD_RUNPATH_SEARCH_PATHS = "$(inherited) @executable_path/Frameworks @loader_path/Frameworks";
				PRODUCT_NAME = "$(TARGET_NAME)";
				TEST_HOST = "$(BUILT_PRODUCTS_DIR)/UrBike.app/UrBike";
			};
			name = Debug;
		};
		F0454DAC19E9378D004DE0F3 /* Release */ = {
			isa = XCBuildConfiguration;
			buildSettings = {
				BUNDLE_LOADER = "$(TEST_HOST)";
				FRAMEWORK_SEARCH_PATHS = (
					"$(SDKROOT)/Developer/Library/Frameworks",
					"$(inherited)",
				);
				INFOPLIST_FILE = UrBikeTests/Info.plist;
				LD_RUNPATH_SEARCH_PATHS = "$(inherited) @executable_path/Frameworks @loader_path/Frameworks";
				PRODUCT_NAME = "$(TARGET_NAME)";
				TEST_HOST = "$(BUILT_PRODUCTS_DIR)/UrBike.app/UrBike";
			};
			name = Release;
		};
/* End XCBuildConfiguration section */

/* Begin XCConfigurationList section */
		F0454D7C19E9378D004DE0F3 /* Build configuration list for PBXProject "UrBike" */ = {
			isa = XCConfigurationList;
			buildConfigurations = (
				F0454DA519E9378D004DE0F3 /* Debug */,
				F0454DA619E9378D004DE0F3 /* Release */,
			);
			defaultConfigurationIsVisible = 0;
			defaultConfigurationName = Release;
		};
		F0454DA719E9378D004DE0F3 /* Build configuration list for PBXNativeTarget "UrBike" */ = {
			isa = XCConfigurationList;
			buildConfigurations = (
				F0454DA819E9378D004DE0F3 /* Debug */,
				F0454DA919E9378D004DE0F3 /* Release */,
			);
			defaultConfigurationIsVisible = 0;
			defaultConfigurationName = Release;
		};
		F0454DAA19E9378D004DE0F3 /* Build configuration list for PBXNativeTarget "UrBikeTests" */ = {
			isa = XCConfigurationList;
			buildConfigurations = (
				F0454DAB19E9378D004DE0F3 /* Debug */,
				F0454DAC19E9378D004DE0F3 /* Release */,
			);
			defaultConfigurationIsVisible = 0;
			defaultConfigurationName = Release;
		};
/* End XCConfigurationList section */

/* Begin XCVersionGroup section */
		F0454D8B19E9378D004DE0F3 /* UrBike.xcdatamodeld */ = {
			isa = XCVersionGroup;
			children = (
				F0454D8C19E9378D004DE0F3 /* UrBike.xcdatamodel */,
			);
			currentVersion = F0454D8C19E9378D004DE0F3 /* UrBike.xcdatamodel */;
			path = UrBike.xcdatamodeld;
			sourceTree = "<group>";
			versionGroupType = wrapper.xcdatamodel;
		};
/* End XCVersionGroup section */
	};
	rootObject = F0454D7919E9378D004DE0F3 /* Project object */;
}
