// !$*UTF8*$!
{
	archiveVersion = 1;
	classes = {
	};
	objectVersion = 46;
	objects = {

/* Begin PBXBuildFile section */
		A520AF9219E9819A0073D96B /* addressObject.m in Sources */ = {isa = PBXBuildFile; fileRef = A520AF8F19E9819A0073D96B /* addressObject.m */; };
		A520AF9319E9819A0073D96B /* addressResolver.m in Sources */ = {isa = PBXBuildFile; fileRef = A520AF9119E9819A0073D96B /* addressResolver.m */; };
		A55E5E1719E975A4004237D3 /* MapKit.framework in Frameworks */ = {isa = PBXBuildFile; fileRef = A55E5E1619E975A4004237D3 /* MapKit.framework */; };
		A55E5E1B19E977B2004237D3 /* LocationToolBox.swift in Sources */ = {isa = PBXBuildFile; fileRef = A55E5E1A19E977B2004237D3 /* LocationToolBox.swift */; };
		A5BDA76C19E954B100481977 /* AppDelegate.swift in Sources */ = {isa = PBXBuildFile; fileRef = A5BDA76B19E954B100481977 /* AppDelegate.swift */; };
		A5BDA77119E954B100481977 /* Main.storyboard in Resources */ = {isa = PBXBuildFile; fileRef = A5BDA76F19E954B100481977 /* Main.storyboard */; };
		A5BDA77319E954B100481977 /* Images.xcassets in Resources */ = {isa = PBXBuildFile; fileRef = A5BDA77219E954B100481977 /* Images.xcassets */; };
		A5BDA78219E954B200481977 /* UrBikeTests.swift in Sources */ = {isa = PBXBuildFile; fileRef = A5BDA78119E954B200481977 /* UrBikeTests.swift */; };
		A5FB073119E95C4C008FEF01 /* Reachability.m in Sources */ = {isa = PBXBuildFile; fileRef = A5FB073019E95C4C008FEF01 /* Reachability.m */; };
		A5FB073319E95E57008FEF01 /* ReachabilityToolBox.swift in Sources */ = {isa = PBXBuildFile; fileRef = A5FB073219E95E57008FEF01 /* ReachabilityToolBox.swift */; };
		A5FB073719E95F4A008FEF01 /* SplashScreenViewController.swift in Sources */ = {isa = PBXBuildFile; fileRef = A5FB073619E95F4A008FEF01 /* SplashScreenViewController.swift */; };
		A5FB073919E96A7E008FEF01 /* SCLAlertView.swift in Sources */ = {isa = PBXBuildFile; fileRef = A5FB073819E96A7E008FEF01 /* SCLAlertView.swift */; };
/* End PBXBuildFile section */

/* Begin PBXContainerItemProxy section */
		A5BDA77C19E954B200481977 /* PBXContainerItemProxy */ = {
			isa = PBXContainerItemProxy;
			containerPortal = A5BDA75E19E954B100481977 /* Project object */;
			proxyType = 1;
			remoteGlobalIDString = A5BDA76519E954B100481977;
			remoteInfo = UrBike;
		};
/* End PBXContainerItemProxy section */

/* Begin PBXFileReference section */
		A520AF8E19E9819A0073D96B /* addressObject.h */ = {isa = PBXFileReference; fileEncoding = 4; lastKnownFileType = sourcecode.c.h; name = addressObject.h; path = Model/AddressResolver/addressObject.h; sourceTree = "<group>"; };
		A520AF8F19E9819A0073D96B /* addressObject.m */ = {isa = PBXFileReference; fileEncoding = 4; lastKnownFileType = sourcecode.c.objc; name = addressObject.m; path = Model/AddressResolver/addressObject.m; sourceTree = "<group>"; };
		A520AF9019E9819A0073D96B /* addressResolver.h */ = {isa = PBXFileReference; fileEncoding = 4; lastKnownFileType = sourcecode.c.h; name = addressResolver.h; path = Model/AddressResolver/addressResolver.h; sourceTree = "<group>"; };
		A520AF9119E9819A0073D96B /* addressResolver.m */ = {isa = PBXFileReference; fileEncoding = 4; lastKnownFileType = sourcecode.c.objc; name = addressResolver.m; path = Model/AddressResolver/addressResolver.m; sourceTree = "<group>"; };
		A55E5E1619E975A4004237D3 /* MapKit.framework */ = {isa = PBXFileReference; lastKnownFileType = wrapper.framework; name = MapKit.framework; path = System/Library/Frameworks/MapKit.framework; sourceTree = SDKROOT; };
		A55E5E1A19E977B2004237D3 /* LocationToolBox.swift */ = {isa = PBXFileReference; fileEncoding = 4; lastKnownFileType = sourcecode.swift; name = LocationToolBox.swift; path = Tools/Location/LocationToolBox.swift; sourceTree = "<group>"; };
		A5BDA76619E954B100481977 /* UrBike.app */ = {isa = PBXFileReference; explicitFileType = wrapper.application; includeInIndex = 0; path = UrBike.app; sourceTree = BUILT_PRODUCTS_DIR; };
		A5BDA76A19E954B100481977 /* Info.plist */ = {isa = PBXFileReference; lastKnownFileType = text.plist.xml; path = Info.plist; sourceTree = "<group>"; };
		A5BDA76B19E954B100481977 /* AppDelegate.swift */ = {isa = PBXFileReference; lastKnownFileType = sourcecode.swift; name = AppDelegate.swift; path = App/AppDelegate.swift; sourceTree = "<group>"; };
		A5BDA77019E954B100481977 /* Base */ = {isa = PBXFileReference; lastKnownFileType = file.storyboard; name = Base; path = Base.lproj/Main.storyboard; sourceTree = "<group>"; };
		A5BDA77219E954B100481977 /* Images.xcassets */ = {isa = PBXFileReference; lastKnownFileType = folder.assetcatalog; path = Images.xcassets; sourceTree = "<group>"; };
		A5BDA77B19E954B200481977 /* UrBikeTests.xctest */ = {isa = PBXFileReference; explicitFileType = wrapper.cfbundle; includeInIndex = 0; path = UrBikeTests.xctest; sourceTree = BUILT_PRODUCTS_DIR; };
		A5BDA78019E954B200481977 /* Info.plist */ = {isa = PBXFileReference; lastKnownFileType = text.plist.xml; path = Info.plist; sourceTree = "<group>"; };
		A5BDA78119E954B200481977 /* UrBikeTests.swift */ = {isa = PBXFileReference; lastKnownFileType = sourcecode.swift; path = UrBikeTests.swift; sourceTree = "<group>"; };
		A5FB072E19E95C4B008FEF01 /* UrBike-Bridging-Header.h */ = {isa = PBXFileReference; lastKnownFileType = sourcecode.c.h; path = "UrBike-Bridging-Header.h"; sourceTree = "<group>"; };
		A5FB072F19E95C4C008FEF01 /* Reachability.h */ = {isa = PBXFileReference; fileEncoding = 4; lastKnownFileType = sourcecode.c.h; name = Reachability.h; path = Tools/Reachability/Reachability.h; sourceTree = "<group>"; };
		A5FB073019E95C4C008FEF01 /* Reachability.m */ = {isa = PBXFileReference; fileEncoding = 4; lastKnownFileType = sourcecode.c.objc; name = Reachability.m; path = Tools/Reachability/Reachability.m; sourceTree = "<group>"; };
		A5FB073219E95E57008FEF01 /* ReachabilityToolBox.swift */ = {isa = PBXFileReference; fileEncoding = 4; lastKnownFileType = sourcecode.swift; name = ReachabilityToolBox.swift; path = Tools/Reachability/ReachabilityToolBox.swift; sourceTree = "<group>"; };
		A5FB073619E95F4A008FEF01 /* SplashScreenViewController.swift */ = {isa = PBXFileReference; fileEncoding = 4; lastKnownFileType = sourcecode.swift; name = SplashScreenViewController.swift; path = Controller/SplashScreen/SplashScreenViewController.swift; sourceTree = "<group>"; };
		A5FB073819E96A7E008FEF01 /* SCLAlertView.swift */ = {isa = PBXFileReference; fileEncoding = 4; lastKnownFileType = sourcecode.swift; name = SCLAlertView.swift; path = Github/SCLAlertView/SCLAlertView.swift; sourceTree = "<group>"; };
		A5FB073A19E96A90008FEF01 /* LICENCE */ = {isa = PBXFileReference; fileEncoding = 4; lastKnownFileType = text; name = LICENCE; path = Github/SCLAlertView/LICENCE; sourceTree = "<group>"; };
/* End PBXFileReference section */

/* Begin PBXFrameworksBuildPhase section */
		A5BDA76319E954B100481977 /* Frameworks */ = {
			isa = PBXFrameworksBuildPhase;
			buildActionMask = 2147483647;
			files = (
				A55E5E1719E975A4004237D3 /* MapKit.framework in Frameworks */,
			);
			runOnlyForDeploymentPostprocessing = 0;
		};
		A5BDA77819E954B200481977 /* Frameworks */ = {
			isa = PBXFrameworksBuildPhase;
			buildActionMask = 2147483647;
			files = (
			);
			runOnlyForDeploymentPostprocessing = 0;
		};
/* End PBXFrameworksBuildPhase section */

/* Begin PBXGroup section */
		A520AF8D19E981820073D96B /* AddressResolver */ = {
			isa = PBXGroup;
			children = (
				A520AF8E19E9819A0073D96B /* addressObject.h */,
				A520AF8F19E9819A0073D96B /* addressObject.m */,
				A520AF9019E9819A0073D96B /* addressResolver.h */,
				A520AF9119E9819A0073D96B /* addressResolver.m */,
			);
			name = AddressResolver;
			sourceTree = "<group>";
		};
		A55E5E1819E975A9004237D3 /* Framework */ = {
			isa = PBXGroup;
			children = (
				A55E5E1619E975A4004237D3 /* MapKit.framework */,
			);
			name = Framework;
			sourceTree = "<group>";
		};
		A55E5E1919E97764004237D3 /* Location */ = {
			isa = PBXGroup;
			children = (
				A55E5E1A19E977B2004237D3 /* LocationToolBox.swift */,
			);
			name = Location;
			sourceTree = "<group>";
		};
		A5BDA75D19E954B100481977 = {
			isa = PBXGroup;
			children = (
				A5BDA76819E954B100481977 /* UrBike */,
				A5BDA77E19E954B200481977 /* UrBikeTests */,
				A5BDA76719E954B100481977 /* Products */,
			);
			sourceTree = "<group>";
		};
		A5BDA76719E954B100481977 /* Products */ = {
			isa = PBXGroup;
			children = (
				A5BDA76619E954B100481977 /* UrBike.app */,
				A5BDA77B19E954B200481977 /* UrBikeTests.xctest */,
			);
			name = Products;
			sourceTree = "<group>";
		};
		A5BDA76819E954B100481977 /* UrBike */ = {
			isa = PBXGroup;
			children = (
				A55E5E1819E975A9004237D3 /* Framework */,
				A5FB072E19E95C4B008FEF01 /* UrBike-Bridging-Header.h */,
				A5FB072C19E95B22008FEF01 /* Tools */,
				A5BDA78F19E954EA00481977 /* Assets */,
				A5BDA78E19E954E200481977 /* Controller */,
				A5BDA78D19E954D900481977 /* Model */,
				A5BDA78C19E954D600481977 /* Github */,
				A5BDA78B19E954D200481977 /* App */,
				A5BDA76F19E954B100481977 /* Main.storyboard */,
				A5BDA77219E954B100481977 /* Images.xcassets */,
				A5BDA76919E954B100481977 /* Supporting Files */,
			);
			path = UrBike;
			sourceTree = "<group>";
		};
		A5BDA76919E954B100481977 /* Supporting Files */ = {
			isa = PBXGroup;
			children = (
				A5BDA76A19E954B100481977 /* Info.plist */,
			);
			name = "Supporting Files";
			sourceTree = "<group>";
		};
		A5BDA77E19E954B200481977 /* UrBikeTests */ = {
			isa = PBXGroup;
			children = (
				A5BDA78119E954B200481977 /* UrBikeTests.swift */,
				A5BDA77F19E954B200481977 /* Supporting Files */,
			);
			path = UrBikeTests;
			sourceTree = "<group>";
		};
		A5BDA77F19E954B200481977 /* Supporting Files */ = {
			isa = PBXGroup;
			children = (
				A5BDA78019E954B200481977 /* Info.plist */,
			);
			name = "Supporting Files";
			sourceTree = "<group>";
		};
		A5BDA78B19E954D200481977 /* App */ = {
			isa = PBXGroup;
			children = (
				A5BDA76B19E954B100481977 /* AppDelegate.swift */,
			);
			name = App;
			sourceTree = "<group>";
		};
		A5BDA78C19E954D600481977 /* Github */ = {
			isa = PBXGroup;
			children = (
				A5FB073C19E96A95008FEF01 /* SCLAlertView */,
			);
			name = Github;
			sourceTree = "<group>";
		};
		A5BDA78D19E954D900481977 /* Model */ = {
			isa = PBXGroup;
			children = (
				A520AF8D19E981820073D96B /* AddressResolver */,
			);
			name = Model;
			sourceTree = "<group>";
		};
		A5BDA78E19E954E200481977 /* Controller */ = {
			isa = PBXGroup;
			children = (
				A5FB072B19E95A76008FEF01 /* SplashScreen */,
			);
			name = Controller;
			sourceTree = "<group>";
		};
		A5BDA78F19E954EA00481977 /* Assets */ = {
			isa = PBXGroup;
			children = (
			);
			name = Assets;
			sourceTree = "<group>";
		};
		A5FB072B19E95A76008FEF01 /* SplashScreen */ = {
			isa = PBXGroup;
			children = (
				A5FB073619E95F4A008FEF01 /* SplashScreenViewController.swift */,
			);
			name = SplashScreen;
			sourceTree = "<group>";
		};
		A5FB072C19E95B22008FEF01 /* Tools */ = {
			isa = PBXGroup;
			children = (
				A55E5E1919E97764004237D3 /* Location */,
				A5FB072D19E95C3F008FEF01 /* Reachability */,
			);
			name = Tools;
			sourceTree = "<group>";
		};
		A5FB072D19E95C3F008FEF01 /* Reachability */ = {
			isa = PBXGroup;
			children = (
				A5FB072F19E95C4C008FEF01 /* Reachability.h */,
				A5FB073019E95C4C008FEF01 /* Reachability.m */,
				A5FB073219E95E57008FEF01 /* ReachabilityToolBox.swift */,
			);
			name = Reachability;
			sourceTree = "<group>";
		};
		A5FB073C19E96A95008FEF01 /* SCLAlertView */ = {
			isa = PBXGroup;
			children = (
				A5FB073A19E96A90008FEF01 /* LICENCE */,
				A5FB073819E96A7E008FEF01 /* SCLAlertView.swift */,
			);
			name = SCLAlertView;
			sourceTree = "<group>";
		};
/* End PBXGroup section */

/* Begin PBXNativeTarget section */
		A5BDA76519E954B100481977 /* UrBike */ = {
			isa = PBXNativeTarget;
			buildConfigurationList = A5BDA78519E954B200481977 /* Build configuration list for PBXNativeTarget "UrBike" */;
			buildPhases = (
				A5BDA76219E954B100481977 /* Sources */,
				A5BDA76319E954B100481977 /* Frameworks */,
				A5BDA76419E954B100481977 /* Resources */,
			);
			buildRules = (
			);
			dependencies = (
			);
			name = UrBike;
			productName = UrBike;
			productReference = A5BDA76619E954B100481977 /* UrBike.app */;
			productType = "com.apple.product-type.application";
		};
		A5BDA77A19E954B200481977 /* UrBikeTests */ = {
			isa = PBXNativeTarget;
			buildConfigurationList = A5BDA78819E954B200481977 /* Build configuration list for PBXNativeTarget "UrBikeTests" */;
			buildPhases = (
				A5BDA77719E954B200481977 /* Sources */,
				A5BDA77819E954B200481977 /* Frameworks */,
				A5BDA77919E954B200481977 /* Resources */,
			);
			buildRules = (
			);
			dependencies = (
				A5BDA77D19E954B200481977 /* PBXTargetDependency */,
			);
			name = UrBikeTests;
			productName = UrBikeTests;
			productReference = A5BDA77B19E954B200481977 /* UrBikeTests.xctest */;
			productType = "com.apple.product-type.bundle.unit-test";
		};
/* End PBXNativeTarget section */

/* Begin PBXProject section */
		A5BDA75E19E954B100481977 /* Project object */ = {
			isa = PBXProject;
			attributes = {
				LastUpgradeCheck = 0600;
				ORGANIZATIONNAME = UrBike;
				TargetAttributes = {
					A5BDA76519E954B100481977 = {
						CreatedOnToolsVersion = 6.0;
					};
					A5BDA77A19E954B200481977 = {
						CreatedOnToolsVersion = 6.0;
						TestTargetID = A5BDA76519E954B100481977;
					};
				};
			};
			buildConfigurationList = A5BDA76119E954B100481977 /* Build configuration list for PBXProject "UrBike" */;
			compatibilityVersion = "Xcode 3.2";
			developmentRegion = English;
			hasScannedForEncodings = 0;
			knownRegions = (
				en,
				Base,
			);
			mainGroup = A5BDA75D19E954B100481977;
			productRefGroup = A5BDA76719E954B100481977 /* Products */;
			projectDirPath = "";
			projectRoot = "";
			targets = (
				A5BDA76519E954B100481977 /* UrBike */,
				A5BDA77A19E954B200481977 /* UrBikeTests */,
			);
		};
/* End PBXProject section */

/* Begin PBXResourcesBuildPhase section */
		A5BDA76419E954B100481977 /* Resources */ = {
			isa = PBXResourcesBuildPhase;
			buildActionMask = 2147483647;
			files = (
				A5BDA77119E954B100481977 /* Main.storyboard in Resources */,
				A5BDA77319E954B100481977 /* Images.xcassets in Resources */,
			);
			runOnlyForDeploymentPostprocessing = 0;
		};
		A5BDA77919E954B200481977 /* Resources */ = {
			isa = PBXResourcesBuildPhase;
			buildActionMask = 2147483647;
			files = (
			);
			runOnlyForDeploymentPostprocessing = 0;
		};
/* End PBXResourcesBuildPhase section */

/* Begin PBXSourcesBuildPhase section */
		A5BDA76219E954B100481977 /* Sources */ = {
			isa = PBXSourcesBuildPhase;
			buildActionMask = 2147483647;
			files = (
				A5FB073319E95E57008FEF01 /* ReachabilityToolBox.swift in Sources */,
				A5FB073119E95C4C008FEF01 /* Reachability.m in Sources */,
				A5FB073919E96A7E008FEF01 /* SCLAlertView.swift in Sources */,
				A520AF9219E9819A0073D96B /* addressObject.m in Sources */,
				A520AF9319E9819A0073D96B /* addressResolver.m in Sources */,
				A5FB073719E95F4A008FEF01 /* SplashScreenViewController.swift in Sources */,
				A55E5E1B19E977B2004237D3 /* LocationToolBox.swift in Sources */,
				A5BDA76C19E954B100481977 /* AppDelegate.swift in Sources */,
			);
			runOnlyForDeploymentPostprocessing = 0;
		};
		A5BDA77719E954B200481977 /* Sources */ = {
			isa = PBXSourcesBuildPhase;
			buildActionMask = 2147483647;
			files = (
				A5BDA78219E954B200481977 /* UrBikeTests.swift in Sources */,
			);
			runOnlyForDeploymentPostprocessing = 0;
		};
/* End PBXSourcesBuildPhase section */

/* Begin PBXTargetDependency section */
		A5BDA77D19E954B200481977 /* PBXTargetDependency */ = {
			isa = PBXTargetDependency;
			target = A5BDA76519E954B100481977 /* UrBike */;
			targetProxy = A5BDA77C19E954B200481977 /* PBXContainerItemProxy */;
		};
/* End PBXTargetDependency section */

/* Begin PBXVariantGroup section */
		A5BDA76F19E954B100481977 /* Main.storyboard */ = {
			isa = PBXVariantGroup;
			children = (
				A5BDA77019E954B100481977 /* Base */,
			);
			name = Main.storyboard;
			sourceTree = "<group>";
		};
/* End PBXVariantGroup section */

/* Begin XCBuildConfiguration section */
		A5BDA78319E954B200481977 /* Debug */ = {
			isa = XCBuildConfiguration;
			buildSettings = {
				ALWAYS_SEARCH_USER_PATHS = NO;
				CLANG_CXX_LANGUAGE_STANDARD = "gnu++0x";
				CLANG_CXX_LIBRARY = "libc++";
				CLANG_ENABLE_MODULES = YES;
				CLANG_ENABLE_OBJC_ARC = YES;
				CLANG_WARN_BOOL_CONVERSION = YES;
				CLANG_WARN_CONSTANT_CONVERSION = YES;
				CLANG_WARN_DIRECT_OBJC_ISA_USAGE = YES_ERROR;
				CLANG_WARN_EMPTY_BODY = YES;
				CLANG_WARN_ENUM_CONVERSION = YES;
				CLANG_WARN_INT_CONVERSION = YES;
				CLANG_WARN_OBJC_ROOT_CLASS = YES_ERROR;
				CLANG_WARN_UNREACHABLE_CODE = YES;
				CLANG_WARN__DUPLICATE_METHOD_MATCH = YES;
				"CODE_SIGN_IDENTITY[sdk=iphoneos*]" = "iPhone Developer";
				COPY_PHASE_STRIP = NO;
				ENABLE_STRICT_OBJC_MSGSEND = YES;
				GCC_C_LANGUAGE_STANDARD = gnu99;
				GCC_DYNAMIC_NO_PIC = NO;
				GCC_OPTIMIZATION_LEVEL = 0;
				GCC_PREPROCESSOR_DEFINITIONS = (
					"DEBUG=1",
					"$(inherited)",
				);
				GCC_SYMBOLS_PRIVATE_EXTERN = NO;
				GCC_WARN_64_TO_32_BIT_CONVERSION = YES;
				GCC_WARN_ABOUT_RETURN_TYPE = YES_ERROR;
				GCC_WARN_UNDECLARED_SELECTOR = YES;
				GCC_WARN_UNINITIALIZED_AUTOS = YES_AGGRESSIVE;
				GCC_WARN_UNUSED_FUNCTION = YES;
				GCC_WARN_UNUSED_VARIABLE = YES;
				IPHONEOS_DEPLOYMENT_TARGET = 7.0;
				MTL_ENABLE_DEBUG_INFO = YES;
				ONLY_ACTIVE_ARCH = YES;
				SDKROOT = iphoneos;
				SWIFT_OPTIMIZATION_LEVEL = "-Onone";
			};
			name = Debug;
		};
		A5BDA78419E954B200481977 /* Release */ = {
			isa = XCBuildConfiguration;
			buildSettings = {
				ALWAYS_SEARCH_USER_PATHS = NO;
				CLANG_CXX_LANGUAGE_STANDARD = "gnu++0x";
				CLANG_CXX_LIBRARY = "libc++";
				CLANG_ENABLE_MODULES = YES;
				CLANG_ENABLE_OBJC_ARC = YES;
				CLANG_WARN_BOOL_CONVERSION = YES;
				CLANG_WARN_CONSTANT_CONVERSION = YES;
				CLANG_WARN_DIRECT_OBJC_ISA_USAGE = YES_ERROR;
				CLANG_WARN_EMPTY_BODY = YES;
				CLANG_WARN_ENUM_CONVERSION = YES;
				CLANG_WARN_INT_CONVERSION = YES;
				CLANG_WARN_OBJC_ROOT_CLASS = YES_ERROR;
				CLANG_WARN_UNREACHABLE_CODE = YES;
				CLANG_WARN__DUPLICATE_METHOD_MATCH = YES;
				"CODE_SIGN_IDENTITY[sdk=iphoneos*]" = "iPhone Developer";
				COPY_PHASE_STRIP = YES;
				ENABLE_NS_ASSERTIONS = NO;
				ENABLE_STRICT_OBJC_MSGSEND = YES;
				GCC_C_LANGUAGE_STANDARD = gnu99;
				GCC_WARN_64_TO_32_BIT_CONVERSION = YES;
				GCC_WARN_ABOUT_RETURN_TYPE = YES_ERROR;
				GCC_WARN_UNDECLARED_SELECTOR = YES;
				GCC_WARN_UNINITIALIZED_AUTOS = YES_AGGRESSIVE;
				GCC_WARN_UNUSED_FUNCTION = YES;
				GCC_WARN_UNUSED_VARIABLE = YES;
				IPHONEOS_DEPLOYMENT_TARGET = 7.0;
				MTL_ENABLE_DEBUG_INFO = NO;
				SDKROOT = iphoneos;
				VALIDATE_PRODUCT = YES;
			};
			name = Release;
		};
		A5BDA78619E954B200481977 /* Debug */ = {
			isa = XCBuildConfiguration;
			buildSettings = {
				ASSETCATALOG_COMPILER_APPICON_NAME = AppIcon;
				CLANG_ENABLE_MODULES = YES;
				INFOPLIST_FILE = UrBike/Info.plist;
				IPHONEOS_DEPLOYMENT_TARGET = 7.0;
				LD_RUNPATH_SEARCH_PATHS = "$(inherited) @executable_path/Frameworks";
				PRODUCT_NAME = "$(TARGET_NAME)";
				SWIFT_OBJC_BRIDGING_HEADER = "UrBike/UrBike-Bridging-Header.h";
				SWIFT_OPTIMIZATION_LEVEL = "-Onone";
			};
			name = Debug;
		};
		A5BDA78719E954B200481977 /* Release */ = {
			isa = XCBuildConfiguration;
			buildSettings = {
				ASSETCATALOG_COMPILER_APPICON_NAME = AppIcon;
				CLANG_ENABLE_MODULES = YES;
				INFOPLIST_FILE = UrBike/Info.plist;
				IPHONEOS_DEPLOYMENT_TARGET = 7.0;
				LD_RUNPATH_SEARCH_PATHS = "$(inherited) @executable_path/Frameworks";
				PRODUCT_NAME = "$(TARGET_NAME)";
				SWIFT_OBJC_BRIDGING_HEADER = "UrBike/UrBike-Bridging-Header.h";
			};
			name = Release;
		};
		A5BDA78919E954B200481977 /* Debug */ = {
			isa = XCBuildConfiguration;
			buildSettings = {
				BUNDLE_LOADER = "$(TEST_HOST)";
				FRAMEWORK_SEARCH_PATHS = (
					"$(SDKROOT)/Developer/Library/Frameworks",
					"$(inherited)",
				);
				GCC_PREPROCESSOR_DEFINITIONS = (
					"DEBUG=1",
					"$(inherited)",
				);
				INFOPLIST_FILE = UrBikeTests/Info.plist;
				LD_RUNPATH_SEARCH_PATHS = "$(inherited) @executable_path/Frameworks @loader_path/Frameworks";
				PRODUCT_NAME = "$(TARGET_NAME)";
				TEST_HOST = "$(BUILT_PRODUCTS_DIR)/UrBike.app/UrBike";
			};
			name = Debug;
		};
		A5BDA78A19E954B200481977 /* Release */ = {
			isa = XCBuildConfiguration;
			buildSettings = {
				BUNDLE_LOADER = "$(TEST_HOST)";
				FRAMEWORK_SEARCH_PATHS = (
					"$(SDKROOT)/Developer/Library/Frameworks",
					"$(inherited)",
				);
				INFOPLIST_FILE = UrBikeTests/Info.plist;
				LD_RUNPATH_SEARCH_PATHS = "$(inherited) @executable_path/Frameworks @loader_path/Frameworks";
				PRODUCT_NAME = "$(TARGET_NAME)";
				TEST_HOST = "$(BUILT_PRODUCTS_DIR)/UrBike.app/UrBike";
			};
			name = Release;
		};
/* End XCBuildConfiguration section */

/* Begin XCConfigurationList section */
		A5BDA76119E954B100481977 /* Build configuration list for PBXProject "UrBike" */ = {
			isa = XCConfigurationList;
			buildConfigurations = (
				A5BDA78319E954B200481977 /* Debug */,
				A5BDA78419E954B200481977 /* Release */,
			);
			defaultConfigurationIsVisible = 0;
			defaultConfigurationName = Release;
		};
		A5BDA78519E954B200481977 /* Build configuration list for PBXNativeTarget "UrBike" */ = {
			isa = XCConfigurationList;
			buildConfigurations = (
				A5BDA78619E954B200481977 /* Debug */,
				A5BDA78719E954B200481977 /* Release */,
			);
			defaultConfigurationIsVisible = 0;
			defaultConfigurationName = Release;
		};
		A5BDA78819E954B200481977 /* Build configuration list for PBXNativeTarget "UrBikeTests" */ = {
			isa = XCConfigurationList;
			buildConfigurations = (
				A5BDA78919E954B200481977 /* Debug */,
				A5BDA78A19E954B200481977 /* Release */,
			);
			defaultConfigurationIsVisible = 0;
			defaultConfigurationName = Release;
		};
/* End XCConfigurationList section */
	};
	rootObject = A5BDA75E19E954B100481977 /* Project object */;
}
